// !$*UTF8*$!
{
	archiveVersion = 1;
	classes = {
	};
	objectVersion = 56;
	objects = {

/* Begin PBXBuildFile section */
		4A037DD5298057540021ADF6 /* Assets.xcassets in Resources */ = {isa = PBXBuildFile; fileRef = 4A65C7F329804E68005B28BF /* Assets.xcassets */; };
		4A037DD8298058330021ADF6 /* BindingTextField.swift in Sources */ = {isa = PBXBuildFile; fileRef = 4A037DD7298058330021ADF6 /* BindingTextField.swift */; };
		4A037DDB298058590021ADF6 /* RegisterationViewModel.swift in Sources */ = {isa = PBXBuildFile; fileRef = 4A037DDA298058590021ADF6 /* RegisterationViewModel.swift */; };
		4A037DDE298058C80021ADF6 /* ValidationManager.swift in Sources */ = {isa = PBXBuildFile; fileRef = 4A037DDD298058C80021ADF6 /* ValidationManager.swift */; };
		4A037DE129805AC10021ADF6 /* UIView+Extension.swift in Sources */ = {isa = PBXBuildFile; fileRef = 4A037DE029805AC10021ADF6 /* UIView+Extension.swift */; };
		4A037DE32980623D0021ADF6 /* BindingButton.swift in Sources */ = {isa = PBXBuildFile; fileRef = 4A037DE22980623D0021ADF6 /* BindingButton.swift */; };
		4A037DE5298065720021ADF6 /* RegisterationViewController.xib in Resources */ = {isa = PBXBuildFile; fileRef = 4A037DE4298065720021ADF6 /* RegisterationViewController.xib */; };
		4A037DE729807CAF0021ADF6 /* PaddingTextField.swift in Sources */ = {isa = PBXBuildFile; fileRef = 4A037DE629807CAF0021ADF6 /* PaddingTextField.swift */; };
		4A037DED298080BC0021ADF6 /* LoginViewController.swift in Sources */ = {isa = PBXBuildFile; fileRef = 4A037DEB298080BC0021ADF6 /* LoginViewController.swift */; };
		4A037DEE298080BC0021ADF6 /* LoginViewController.xib in Resources */ = {isa = PBXBuildFile; fileRef = 4A037DEC298080BC0021ADF6 /* LoginViewController.xib */; };
		4A037DF12980812C0021ADF6 /* LoginViewModel.swift in Sources */ = {isa = PBXBuildFile; fileRef = 4A037DF02980812C0021ADF6 /* LoginViewModel.swift */; };
		4A037DF429808DDD0021ADF6 /* FirebaseAuth in Frameworks */ = {isa = PBXBuildFile; productRef = 4A037DF329808DDD0021ADF6 /* FirebaseAuth */; };
		4A037DF62980910F0021ADF6 /* GoogleService-Info.plist in Resources */ = {isa = PBXBuildFile; fileRef = 4A037DF52980910F0021ADF6 /* GoogleService-Info.plist */; };
		4A037DF9298091D70021ADF6 /* MBProgressHUD in Frameworks */ = {isa = PBXBuildFile; productRef = 4A037DF8298091D70021ADF6 /* MBProgressHUD */; };
		4A037DFB298092040021ADF6 /* ToastManager.swift in Sources */ = {isa = PBXBuildFile; fileRef = 4A037DFA298092030021ADF6 /* ToastManager.swift */; };
		4A037DFD2980967F0021ADF6 /* LoginNetworkService.swift in Sources */ = {isa = PBXBuildFile; fileRef = 4A037DFC2980967F0021ADF6 /* LoginNetworkService.swift */; };
		4A037E0029809D4D0021ADF6 /* UserModel.swift in Sources */ = {isa = PBXBuildFile; fileRef = 4A037DFF29809D4D0021ADF6 /* UserModel.swift */; };
		4A4BF17C298160D30008AA34 /* SaveTaskViewController.swift in Sources */ = {isa = PBXBuildFile; fileRef = 4A4BF17B298160D30008AA34 /* SaveTaskViewController.swift */; };
		4A4BF17E298160DE0008AA34 /* SaveTaskViewController.xib in Resources */ = {isa = PBXBuildFile; fileRef = 4A4BF17D298160DE0008AA34 /* SaveTaskViewController.xib */; };
		4A4BF1832981620E0008AA34 /* SaveTaskViewModel.swift in Sources */ = {isa = PBXBuildFile; fileRef = 4A4BF1822981620E0008AA34 /* SaveTaskViewModel.swift */; };
		4A4BF18929816AF50008AA34 /* IQKeyboardManagerSwift in Frameworks */ = {isa = PBXBuildFile; productRef = 4A4BF18829816AF50008AA34 /* IQKeyboardManagerSwift */; };
		4A65C7EB29804E66005B28BF /* AppDelegate.swift in Sources */ = {isa = PBXBuildFile; fileRef = 4A65C7EA29804E66005B28BF /* AppDelegate.swift */; };
		4A65C7ED29804E66005B28BF /* SceneDelegate.swift in Sources */ = {isa = PBXBuildFile; fileRef = 4A65C7EC29804E66005B28BF /* SceneDelegate.swift */; };
		4A65C7F229804E66005B28BF /* Main.storyboard in Resources */ = {isa = PBXBuildFile; fileRef = 4A65C7F029804E66005B28BF /* Main.storyboard */; };
		4A65C7F729804E68005B28BF /* LaunchScreen.storyboard in Resources */ = {isa = PBXBuildFile; fileRef = 4A65C7F529804E68005B28BF /* LaunchScreen.storyboard */; };
		4A65C80229804E69005B28BF /* ToDoListTests.swift in Sources */ = {isa = PBXBuildFile; fileRef = 4A65C80129804E69005B28BF /* ToDoListTests.swift */; };
		4A65C82829804E99005B28BF /* AppLibraryManager.swift in Sources */ = {isa = PBXBuildFile; fileRef = 4A65C81B29804E98005B28BF /* AppLibraryManager.swift */; };
		4A65C82929804E99005B28BF /* ThemeManager.swift in Sources */ = {isa = PBXBuildFile; fileRef = 4A65C81C29804E98005B28BF /* ThemeManager.swift */; };
		4A65C82A29804E99005B28BF /* AppWindowManager.swift in Sources */ = {isa = PBXBuildFile; fileRef = 4A65C81D29804E98005B28BF /* AppWindowManager.swift */; };
		4A65C82C29804E99005B28BF /* Observable.swift in Sources */ = {isa = PBXBuildFile; fileRef = 4A65C82029804E99005B28BF /* Observable.swift */; };
		4A65C82E29804E99005B28BF /* RegisterationViewController.swift in Sources */ = {isa = PBXBuildFile; fileRef = 4A65C82629804E99005B28BF /* RegisterationViewController.swift */; };
		4A65C83229804EEA005B28BF /* Colors.swift in Sources */ = {isa = PBXBuildFile; fileRef = 4A65C83129804EEA005B28BF /* Colors.swift */; };
		4A65C83529804F1D005B28BF /* AppRouter.swift in Sources */ = {isa = PBXBuildFile; fileRef = 4A65C83329804F1D005B28BF /* AppRouter.swift */; };
		4A65C83629804F1D005B28BF /* AppFactory.swift in Sources */ = {isa = PBXBuildFile; fileRef = 4A65C83429804F1D005B28BF /* AppFactory.swift */; };
		4A715B12298416C6006D08FC /* FirebaseAuth in Frameworks */ = {isa = PBXBuildFile; productRef = 4A715B11298416C6006D08FC /* FirebaseAuth */; };
		4A715B14298416CB006D08FC /* MBProgressHUD in Frameworks */ = {isa = PBXBuildFile; productRef = 4A715B13298416CB006D08FC /* MBProgressHUD */; };
		4A715B16298416CB006D08FC /* IQKeyboardManagerSwift in Frameworks */ = {isa = PBXBuildFile; productRef = 4A715B15298416CB006D08FC /* IQKeyboardManagerSwift */; };
		4A715B18298416D1006D08FC /* FirebaseDatabase in Frameworks */ = {isa = PBXBuildFile; productRef = 4A715B17298416D1006D08FC /* FirebaseDatabase */; };
		4A715B1A298416D1006D08FC /* FirebaseDatabaseSwift in Frameworks */ = {isa = PBXBuildFile; productRef = 4A715B19298416D1006D08FC /* FirebaseDatabaseSwift */; };
		4A715B1C298416E1006D08FC /* FirebaseAuth in Frameworks */ = {isa = PBXBuildFile; productRef = 4A715B1B298416E1006D08FC /* FirebaseAuth */; };
		4A715B1E298416E7006D08FC /* MBProgressHUD in Frameworks */ = {isa = PBXBuildFile; productRef = 4A715B1D298416E7006D08FC /* MBProgressHUD */; };
		4A715B20298416E7006D08FC /* IQKeyboardManagerSwift in Frameworks */ = {isa = PBXBuildFile; productRef = 4A715B1F298416E7006D08FC /* IQKeyboardManagerSwift */; };
		4A715B22298416ED006D08FC /* FirebaseDatabase in Frameworks */ = {isa = PBXBuildFile; productRef = 4A715B21298416ED006D08FC /* FirebaseDatabase */; };
		4A715B24298416ED006D08FC /* FirebaseDatabaseSwift in Frameworks */ = {isa = PBXBuildFile; productRef = 4A715B23298416ED006D08FC /* FirebaseDatabaseSwift */; };
		4A715B302984177B006D08FC /* LoginUITests.swift in Sources */ = {isa = PBXBuildFile; fileRef = 4A715B262984177A006D08FC /* LoginUITests.swift */; };
		4A715B312984177B006D08FC /* SaveTaskPageObject.swift in Sources */ = {isa = PBXBuildFile; fileRef = 4A715B282984177B006D08FC /* SaveTaskPageObject.swift */; };
		4A715B322984177B006D08FC /* RegisterPageObject.swift in Sources */ = {isa = PBXBuildFile; fileRef = 4A715B292984177B006D08FC /* RegisterPageObject.swift */; };
		4A715B332984177B006D08FC /* SpringBoardPageObject.swift in Sources */ = {isa = PBXBuildFile; fileRef = 4A715B2A2984177B006D08FC /* SpringBoardPageObject.swift */; };
		4A715B342984177B006D08FC /* LoginPageObject.swift in Sources */ = {isa = PBXBuildFile; fileRef = 4A715B2B2984177B006D08FC /* LoginPageObject.swift */; };
		4A715B352984177B006D08FC /* TaskListPageObject.swift in Sources */ = {isa = PBXBuildFile; fileRef = 4A715B2C2984177B006D08FC /* TaskListPageObject.swift */; };
		4A715B362984177B006D08FC /* SpringBoard.swift in Sources */ = {isa = PBXBuildFile; fileRef = 4A715B2E2984177B006D08FC /* SpringBoard.swift */; };
		4A715B39298418B3006D08FC /* NetworkSericeProtocol.swift in Sources */ = {isa = PBXBuildFile; fileRef = 4A715B38298418B3006D08FC /* NetworkSericeProtocol.swift */; };
		4A715B3B298418FF006D08FC /* ManagerProtocols.swift in Sources */ = {isa = PBXBuildFile; fileRef = 4A715B3A298418FF006D08FC /* ManagerProtocols.swift */; };
		4A715B3D29841C39006D08FC /* MockAppFactory.swift in Sources */ = {isa = PBXBuildFile; fileRef = 4A715B3C29841C39006D08FC /* MockAppFactory.swift */; };
		4A715B4029841C77006D08FC /* MockNetWorkService.swift in Sources */ = {isa = PBXBuildFile; fileRef = 4A715B3F29841C77006D08FC /* MockNetWorkService.swift */; };
		4A715B4229841CB0006D08FC /* MockAppRouter.swift in Sources */ = {isa = PBXBuildFile; fileRef = 4A715B4129841CB0006D08FC /* MockAppRouter.swift */; };
		4A715B4A29842411006D08FC /* RegisterUITests.swift in Sources */ = {isa = PBXBuildFile; fileRef = 4A715B4929842411006D08FC /* RegisterUITests.swift */; };
		4A715B4C29843FBF006D08FC /* TaskUITests.swift in Sources */ = {isa = PBXBuildFile; fileRef = 4A715B4B29843FBF006D08FC /* TaskUITests.swift */; };
		4A874F312980EEC500051703 /* AuthNetworkService.swift in Sources */ = {isa = PBXBuildFile; fileRef = 4A874F302980EEC500051703 /* AuthNetworkService.swift */; };
		4A874F332980F51500051703 /* RegisterationNetworkService.swift in Sources */ = {isa = PBXBuildFile; fileRef = 4A874F322980F51500051703 /* RegisterationNetworkService.swift */; };
		4A874F352980F56100051703 /* ResultErrors.swift in Sources */ = {isa = PBXBuildFile; fileRef = 4A874F342980F56100051703 /* ResultErrors.swift */; };
		4A874F3A2980F81000051703 /* TasksListViewController.xib in Resources */ = {isa = PBXBuildFile; fileRef = 4A874F382980F81000051703 /* TasksListViewController.xib */; };
		4A874F3D2980F87B00051703 /* TasksListViewModel.swift in Sources */ = {isa = PBXBuildFile; fileRef = 4A874F3C2980F87B00051703 /* TasksListViewModel.swift */; };
		4A874F3F2981031900051703 /* TasksNetworkService.swift in Sources */ = {isa = PBXBuildFile; fileRef = 4A874F3E2981031900051703 /* TasksNetworkService.swift */; };
		4A874F412981033900051703 /* TaskModel.swift in Sources */ = {isa = PBXBuildFile; fileRef = 4A874F402981033900051703 /* TaskModel.swift */; };
		4A874F42298106D600051703 /* TasksListViewController.swift in Sources */ = {isa = PBXBuildFile; fileRef = 4A874F372980F81000051703 /* TasksListViewController.swift */; };
		4A874F44298109BC00051703 /* BaseViewController.swift in Sources */ = {isa = PBXBuildFile; fileRef = 4A874F43298109BC00051703 /* BaseViewController.swift */; };
		4A874F4629810BB700051703 /* BaseNavigationController.swift in Sources */ = {isa = PBXBuildFile; fileRef = 4A874F4529810BB700051703 /* BaseNavigationController.swift */; };
		4A874F48298112CF00051703 /* Images.swift in Sources */ = {isa = PBXBuildFile; fileRef = 4A874F47298112CF00051703 /* Images.swift */; };
		4A874F512981213500051703 /* FirebaseDatabase in Frameworks */ = {isa = PBXBuildFile; productRef = 4A874F502981213500051703 /* FirebaseDatabase */; };
		4A874F532981213500051703 /* FirebaseDatabaseSwift in Frameworks */ = {isa = PBXBuildFile; productRef = 4A874F522981213500051703 /* FirebaseDatabaseSwift */; };
		4A874F57298122AA00051703 /* TaskTableViewCell.swift in Sources */ = {isa = PBXBuildFile; fileRef = 4A874F55298122AA00051703 /* TaskTableViewCell.swift */; };
		4A874F58298122AA00051703 /* TaskTableViewCell.xib in Resources */ = {isa = PBXBuildFile; fileRef = 4A874F56298122AA00051703 /* TaskTableViewCell.xib */; };
		4A874F5A2981233000051703 /* TaskViewModel.swift in Sources */ = {isa = PBXBuildFile; fileRef = 4A874F592981233000051703 /* TaskViewModel.swift */; };
		4A874F5C2981239B00051703 /* String+Date+Extension.swift in Sources */ = {isa = PBXBuildFile; fileRef = 4A874F5B2981239B00051703 /* String+Date+Extension.swift */; };
		4AF6A1C8298306E800396853 /* FireBaseDataBaseManager.swift in Sources */ = {isa = PBXBuildFile; fileRef = 4AF6A1C7298306E800396853 /* FireBaseDataBaseManager.swift */; };
		4AF6A1CA29830B1300396853 /* String+Codable+Extension.swift in Sources */ = {isa = PBXBuildFile; fileRef = 4AF6A1C929830B1300396853 /* String+Codable+Extension.swift */; };
		4AF6A1CD2983186200396853 /* Dictionary+Codable+Extension.swift in Sources */ = {isa = PBXBuildFile; fileRef = 4AF6A1CB2983186200396853 /* Dictionary+Codable+Extension.swift */; };
		4AF6A1CE2983186200396853 /* Array+Codable+Extension.swift in Sources */ = {isa = PBXBuildFile; fileRef = 4AF6A1CC2983186200396853 /* Array+Codable+Extension.swift */; };
		4AF6A1D029832E0A00396853 /* LocalNotificationManager.swift in Sources */ = {isa = PBXBuildFile; fileRef = 4AF6A1CF29832E0A00396853 /* LocalNotificationManager.swift */; };
		4AF6A1D329834F7400396853 /* UITableView+Extension.swift in Sources */ = {isa = PBXBuildFile; fileRef = 4AF6A1D229834F7400396853 /* UITableView+Extension.swift */; };
		4AF6A1D5298352EB00396853 /* AppLoader.swift in Sources */ = {isa = PBXBuildFile; fileRef = 4AF6A1D4298352EB00396853 /* AppLoader.swift */; };
		4AF6A1D72983EDF400396853 /* AppStrings.swift in Sources */ = {isa = PBXBuildFile; fileRef = 4AF6A1D62983EDF400396853 /* AppStrings.swift */; };
/* End PBXBuildFile section */

/* Begin PBXContainerItemProxy section */
		4A65C7FE29804E69005B28BF /* PBXContainerItemProxy */ = {
			isa = PBXContainerItemProxy;
			containerPortal = 4A65C7DF29804E66005B28BF /* Project object */;
			proxyType = 1;
			remoteGlobalIDString = 4A65C7E629804E66005B28BF;
			remoteInfo = ToDoList;
		};
		4A65C80829804E69005B28BF /* PBXContainerItemProxy */ = {
			isa = PBXContainerItemProxy;
			containerPortal = 4A65C7DF29804E66005B28BF /* Project object */;
			proxyType = 1;
			remoteGlobalIDString = 4A65C7E629804E66005B28BF;
			remoteInfo = ToDoList;
		};
/* End PBXContainerItemProxy section */

/* Begin PBXFileReference section */
		4A037DD7298058330021ADF6 /* BindingTextField.swift */ = {isa = PBXFileReference; fileEncoding = 4; lastKnownFileType = sourcecode.swift; path = BindingTextField.swift; sourceTree = "<group>"; };
		4A037DDA298058590021ADF6 /* RegisterationViewModel.swift */ = {isa = PBXFileReference; lastKnownFileType = sourcecode.swift; path = RegisterationViewModel.swift; sourceTree = "<group>"; };
		4A037DDD298058C80021ADF6 /* ValidationManager.swift */ = {isa = PBXFileReference; lastKnownFileType = sourcecode.swift; path = ValidationManager.swift; sourceTree = "<group>"; };
		4A037DE029805AC10021ADF6 /* UIView+Extension.swift */ = {isa = PBXFileReference; lastKnownFileType = sourcecode.swift; path = "UIView+Extension.swift"; sourceTree = "<group>"; };
		4A037DE22980623D0021ADF6 /* BindingButton.swift */ = {isa = PBXFileReference; fileEncoding = 4; lastKnownFileType = sourcecode.swift; path = BindingButton.swift; sourceTree = "<group>"; };
		4A037DE4298065720021ADF6 /* RegisterationViewController.xib */ = {isa = PBXFileReference; lastKnownFileType = file.xib; path = RegisterationViewController.xib; sourceTree = "<group>"; };
		4A037DE629807CAF0021ADF6 /* PaddingTextField.swift */ = {isa = PBXFileReference; lastKnownFileType = sourcecode.swift; path = PaddingTextField.swift; sourceTree = "<group>"; };
		4A037DEB298080BC0021ADF6 /* LoginViewController.swift */ = {isa = PBXFileReference; lastKnownFileType = sourcecode.swift; path = LoginViewController.swift; sourceTree = "<group>"; };
		4A037DEC298080BC0021ADF6 /* LoginViewController.xib */ = {isa = PBXFileReference; lastKnownFileType = file.xib; path = LoginViewController.xib; sourceTree = "<group>"; };
		4A037DF02980812C0021ADF6 /* LoginViewModel.swift */ = {isa = PBXFileReference; fileEncoding = 4; lastKnownFileType = sourcecode.swift; path = LoginViewModel.swift; sourceTree = "<group>"; };
		4A037DF52980910F0021ADF6 /* GoogleService-Info.plist */ = {isa = PBXFileReference; fileEncoding = 4; lastKnownFileType = text.plist.xml; path = "GoogleService-Info.plist"; sourceTree = "<group>"; };
		4A037DFA298092030021ADF6 /* ToastManager.swift */ = {isa = PBXFileReference; fileEncoding = 4; lastKnownFileType = sourcecode.swift; path = ToastManager.swift; sourceTree = "<group>"; };
		4A037DFC2980967F0021ADF6 /* LoginNetworkService.swift */ = {isa = PBXFileReference; lastKnownFileType = sourcecode.swift; path = LoginNetworkService.swift; sourceTree = "<group>"; };
		4A037DFF29809D4D0021ADF6 /* UserModel.swift */ = {isa = PBXFileReference; lastKnownFileType = sourcecode.swift; path = UserModel.swift; sourceTree = "<group>"; };
		4A4BF17B298160D30008AA34 /* SaveTaskViewController.swift */ = {isa = PBXFileReference; lastKnownFileType = sourcecode.swift; path = SaveTaskViewController.swift; sourceTree = "<group>"; };
		4A4BF17D298160DE0008AA34 /* SaveTaskViewController.xib */ = {isa = PBXFileReference; lastKnownFileType = file.xib; path = SaveTaskViewController.xib; sourceTree = "<group>"; };
		4A4BF1822981620E0008AA34 /* SaveTaskViewModel.swift */ = {isa = PBXFileReference; fileEncoding = 4; lastKnownFileType = sourcecode.swift; path = SaveTaskViewModel.swift; sourceTree = "<group>"; };
		4A65C7E729804E66005B28BF /* ToDoList.app */ = {isa = PBXFileReference; explicitFileType = wrapper.application; includeInIndex = 0; path = ToDoList.app; sourceTree = BUILT_PRODUCTS_DIR; };
		4A65C7EA29804E66005B28BF /* AppDelegate.swift */ = {isa = PBXFileReference; lastKnownFileType = sourcecode.swift; path = AppDelegate.swift; sourceTree = "<group>"; };
		4A65C7EC29804E66005B28BF /* SceneDelegate.swift */ = {isa = PBXFileReference; lastKnownFileType = sourcecode.swift; path = SceneDelegate.swift; sourceTree = "<group>"; };
		4A65C7F129804E66005B28BF /* Base */ = {isa = PBXFileReference; lastKnownFileType = file.storyboard; name = Base; path = Base.lproj/Main.storyboard; sourceTree = "<group>"; };
		4A65C7F329804E68005B28BF /* Assets.xcassets */ = {isa = PBXFileReference; lastKnownFileType = folder.assetcatalog; path = Assets.xcassets; sourceTree = "<group>"; };
		4A65C7F629804E68005B28BF /* Base */ = {isa = PBXFileReference; lastKnownFileType = file.storyboard; name = Base; path = Base.lproj/LaunchScreen.storyboard; sourceTree = "<group>"; };
		4A65C7F829804E68005B28BF /* Info.plist */ = {isa = PBXFileReference; lastKnownFileType = text.plist.xml; path = Info.plist; sourceTree = "<group>"; };
		4A65C7FD29804E69005B28BF /* ToDoListTests.xctest */ = {isa = PBXFileReference; explicitFileType = wrapper.cfbundle; includeInIndex = 0; path = ToDoListTests.xctest; sourceTree = BUILT_PRODUCTS_DIR; };
		4A65C80129804E69005B28BF /* ToDoListTests.swift */ = {isa = PBXFileReference; lastKnownFileType = sourcecode.swift; path = ToDoListTests.swift; sourceTree = "<group>"; };
		4A65C80729804E69005B28BF /* ToDoListUITests.xctest */ = {isa = PBXFileReference; explicitFileType = wrapper.cfbundle; includeInIndex = 0; path = ToDoListUITests.xctest; sourceTree = BUILT_PRODUCTS_DIR; };
		4A65C81B29804E98005B28BF /* AppLibraryManager.swift */ = {isa = PBXFileReference; fileEncoding = 4; lastKnownFileType = sourcecode.swift; path = AppLibraryManager.swift; sourceTree = "<group>"; };
		4A65C81C29804E98005B28BF /* ThemeManager.swift */ = {isa = PBXFileReference; fileEncoding = 4; lastKnownFileType = sourcecode.swift; path = ThemeManager.swift; sourceTree = "<group>"; };
		4A65C81D29804E98005B28BF /* AppWindowManager.swift */ = {isa = PBXFileReference; fileEncoding = 4; lastKnownFileType = sourcecode.swift; path = AppWindowManager.swift; sourceTree = "<group>"; };
		4A65C82029804E99005B28BF /* Observable.swift */ = {isa = PBXFileReference; fileEncoding = 4; lastKnownFileType = sourcecode.swift; path = Observable.swift; sourceTree = "<group>"; };
		4A65C82629804E99005B28BF /* RegisterationViewController.swift */ = {isa = PBXFileReference; fileEncoding = 4; lastKnownFileType = sourcecode.swift; path = RegisterationViewController.swift; sourceTree = "<group>"; };
		4A65C83129804EEA005B28BF /* Colors.swift */ = {isa = PBXFileReference; fileEncoding = 4; lastKnownFileType = sourcecode.swift; path = Colors.swift; sourceTree = "<group>"; };
		4A65C83329804F1D005B28BF /* AppRouter.swift */ = {isa = PBXFileReference; fileEncoding = 4; lastKnownFileType = sourcecode.swift; path = AppRouter.swift; sourceTree = "<group>"; };
		4A65C83429804F1D005B28BF /* AppFactory.swift */ = {isa = PBXFileReference; fileEncoding = 4; lastKnownFileType = sourcecode.swift; path = AppFactory.swift; sourceTree = "<group>"; };
		4A715B262984177A006D08FC /* LoginUITests.swift */ = {isa = PBXFileReference; fileEncoding = 4; lastKnownFileType = sourcecode.swift; path = LoginUITests.swift; sourceTree = "<group>"; };
		4A715B282984177B006D08FC /* SaveTaskPageObject.swift */ = {isa = PBXFileReference; fileEncoding = 4; lastKnownFileType = sourcecode.swift; path = SaveTaskPageObject.swift; sourceTree = "<group>"; };
		4A715B292984177B006D08FC /* RegisterPageObject.swift */ = {isa = PBXFileReference; fileEncoding = 4; lastKnownFileType = sourcecode.swift; path = RegisterPageObject.swift; sourceTree = "<group>"; };
		4A715B2A2984177B006D08FC /* SpringBoardPageObject.swift */ = {isa = PBXFileReference; fileEncoding = 4; lastKnownFileType = sourcecode.swift; path = SpringBoardPageObject.swift; sourceTree = "<group>"; };
		4A715B2B2984177B006D08FC /* LoginPageObject.swift */ = {isa = PBXFileReference; fileEncoding = 4; lastKnownFileType = sourcecode.swift; path = LoginPageObject.swift; sourceTree = "<group>"; };
		4A715B2C2984177B006D08FC /* TaskListPageObject.swift */ = {isa = PBXFileReference; fileEncoding = 4; lastKnownFileType = sourcecode.swift; path = TaskListPageObject.swift; sourceTree = "<group>"; };
		4A715B2E2984177B006D08FC /* SpringBoard.swift */ = {isa = PBXFileReference; fileEncoding = 4; lastKnownFileType = sourcecode.swift; path = SpringBoard.swift; sourceTree = "<group>"; };
		4A715B38298418B3006D08FC /* NetworkSericeProtocol.swift */ = {isa = PBXFileReference; lastKnownFileType = sourcecode.swift; path = NetworkSericeProtocol.swift; sourceTree = "<group>"; };
		4A715B3A298418FF006D08FC /* ManagerProtocols.swift */ = {isa = PBXFileReference; lastKnownFileType = sourcecode.swift; path = ManagerProtocols.swift; sourceTree = "<group>"; };
		4A715B3C29841C39006D08FC /* MockAppFactory.swift */ = {isa = PBXFileReference; fileEncoding = 4; lastKnownFileType = sourcecode.swift; path = MockAppFactory.swift; sourceTree = "<group>"; };
		4A715B3F29841C77006D08FC /* MockNetWorkService.swift */ = {isa = PBXFileReference; lastKnownFileType = sourcecode.swift; path = MockNetWorkService.swift; sourceTree = "<group>"; };
		4A715B4129841CB0006D08FC /* MockAppRouter.swift */ = {isa = PBXFileReference; lastKnownFileType = sourcecode.swift; path = MockAppRouter.swift; sourceTree = "<group>"; };
		4A715B4929842411006D08FC /* RegisterUITests.swift */ = {isa = PBXFileReference; fileEncoding = 4; lastKnownFileType = sourcecode.swift; path = RegisterUITests.swift; sourceTree = "<group>"; };
		4A715B4B29843FBF006D08FC /* TaskUITests.swift */ = {isa = PBXFileReference; fileEncoding = 4; lastKnownFileType = sourcecode.swift; path = TaskUITests.swift; sourceTree = "<group>"; };
		4A874F302980EEC500051703 /* AuthNetworkService.swift */ = {isa = PBXFileReference; lastKnownFileType = sourcecode.swift; path = AuthNetworkService.swift; sourceTree = "<group>"; };
		4A874F322980F51500051703 /* RegisterationNetworkService.swift */ = {isa = PBXFileReference; lastKnownFileType = sourcecode.swift; path = RegisterationNetworkService.swift; sourceTree = "<group>"; };
		4A874F342980F56100051703 /* ResultErrors.swift */ = {isa = PBXFileReference; lastKnownFileType = sourcecode.swift; path = ResultErrors.swift; sourceTree = "<group>"; };
		4A874F372980F81000051703 /* TasksListViewController.swift */ = {isa = PBXFileReference; lastKnownFileType = sourcecode.swift; path = TasksListViewController.swift; sourceTree = "<group>"; };
		4A874F382980F81000051703 /* TasksListViewController.xib */ = {isa = PBXFileReference; lastKnownFileType = file.xib; path = TasksListViewController.xib; sourceTree = "<group>"; };
		4A874F3C2980F87B00051703 /* TasksListViewModel.swift */ = {isa = PBXFileReference; lastKnownFileType = sourcecode.swift; path = TasksListViewModel.swift; sourceTree = "<group>"; };
		4A874F3E2981031900051703 /* TasksNetworkService.swift */ = {isa = PBXFileReference; lastKnownFileType = sourcecode.swift; path = TasksNetworkService.swift; sourceTree = "<group>"; };
		4A874F402981033900051703 /* TaskModel.swift */ = {isa = PBXFileReference; lastKnownFileType = sourcecode.swift; path = TaskModel.swift; sourceTree = "<group>"; };
		4A874F43298109BC00051703 /* BaseViewController.swift */ = {isa = PBXFileReference; lastKnownFileType = sourcecode.swift; path = BaseViewController.swift; sourceTree = "<group>"; };
		4A874F4529810BB700051703 /* BaseNavigationController.swift */ = {isa = PBXFileReference; lastKnownFileType = sourcecode.swift; path = BaseNavigationController.swift; sourceTree = "<group>"; };
		4A874F47298112CF00051703 /* Images.swift */ = {isa = PBXFileReference; lastKnownFileType = sourcecode.swift; path = Images.swift; sourceTree = "<group>"; };
		4A874F55298122AA00051703 /* TaskTableViewCell.swift */ = {isa = PBXFileReference; lastKnownFileType = sourcecode.swift; path = TaskTableViewCell.swift; sourceTree = "<group>"; };
		4A874F56298122AA00051703 /* TaskTableViewCell.xib */ = {isa = PBXFileReference; lastKnownFileType = file.xib; path = TaskTableViewCell.xib; sourceTree = "<group>"; };
		4A874F592981233000051703 /* TaskViewModel.swift */ = {isa = PBXFileReference; lastKnownFileType = sourcecode.swift; path = TaskViewModel.swift; sourceTree = "<group>"; };
		4A874F5B2981239B00051703 /* String+Date+Extension.swift */ = {isa = PBXFileReference; lastKnownFileType = sourcecode.swift; path = "String+Date+Extension.swift"; sourceTree = "<group>"; };
		4AF6A1C7298306E800396853 /* FireBaseDataBaseManager.swift */ = {isa = PBXFileReference; lastKnownFileType = sourcecode.swift; path = FireBaseDataBaseManager.swift; sourceTree = "<group>"; };
		4AF6A1C929830B1300396853 /* String+Codable+Extension.swift */ = {isa = PBXFileReference; lastKnownFileType = sourcecode.swift; path = "String+Codable+Extension.swift"; sourceTree = "<group>"; };
		4AF6A1CB2983186200396853 /* Dictionary+Codable+Extension.swift */ = {isa = PBXFileReference; fileEncoding = 4; lastKnownFileType = sourcecode.swift; path = "Dictionary+Codable+Extension.swift"; sourceTree = "<group>"; };
		4AF6A1CC2983186200396853 /* Array+Codable+Extension.swift */ = {isa = PBXFileReference; fileEncoding = 4; lastKnownFileType = sourcecode.swift; path = "Array+Codable+Extension.swift"; sourceTree = "<group>"; };
		4AF6A1CF29832E0A00396853 /* LocalNotificationManager.swift */ = {isa = PBXFileReference; lastKnownFileType = sourcecode.swift; path = LocalNotificationManager.swift; sourceTree = "<group>"; };
		4AF6A1D12983371900396853 /* ToDoList.entitlements */ = {isa = PBXFileReference; lastKnownFileType = text.plist.entitlements; path = ToDoList.entitlements; sourceTree = "<group>"; };
		4AF6A1D229834F7400396853 /* UITableView+Extension.swift */ = {isa = PBXFileReference; lastKnownFileType = sourcecode.swift; path = "UITableView+Extension.swift"; sourceTree = "<group>"; };
		4AF6A1D4298352EB00396853 /* AppLoader.swift */ = {isa = PBXFileReference; lastKnownFileType = sourcecode.swift; path = AppLoader.swift; sourceTree = "<group>"; };
		4AF6A1D62983EDF400396853 /* AppStrings.swift */ = {isa = PBXFileReference; lastKnownFileType = sourcecode.swift; path = AppStrings.swift; sourceTree = "<group>"; };
/* End PBXFileReference section */

/* Begin PBXFrameworksBuildPhase section */
		4A65C7E429804E66005B28BF /* Frameworks */ = {
			isa = PBXFrameworksBuildPhase;
			buildActionMask = 2147483647;
			files = (
				4A4BF18929816AF50008AA34 /* IQKeyboardManagerSwift in Frameworks */,
				4A874F532981213500051703 /* FirebaseDatabaseSwift in Frameworks */,
				4A874F512981213500051703 /* FirebaseDatabase in Frameworks */,
				4A037DF9298091D70021ADF6 /* MBProgressHUD in Frameworks */,
				4A037DF429808DDD0021ADF6 /* FirebaseAuth in Frameworks */,
			);
			runOnlyForDeploymentPostprocessing = 0;
		};
		4A65C7FA29804E69005B28BF /* Frameworks */ = {
			isa = PBXFrameworksBuildPhase;
			buildActionMask = 2147483647;
			files = (
				4A715B1A298416D1006D08FC /* FirebaseDatabaseSwift in Frameworks */,
				4A715B14298416CB006D08FC /* MBProgressHUD in Frameworks */,
				4A715B12298416C6006D08FC /* FirebaseAuth in Frameworks */,
				4A715B18298416D1006D08FC /* FirebaseDatabase in Frameworks */,
				4A715B16298416CB006D08FC /* IQKeyboardManagerSwift in Frameworks */,
			);
			runOnlyForDeploymentPostprocessing = 0;
		};
		4A65C80429804E69005B28BF /* Frameworks */ = {
			isa = PBXFrameworksBuildPhase;
			buildActionMask = 2147483647;
			files = (
				4A715B24298416ED006D08FC /* FirebaseDatabaseSwift in Frameworks */,
				4A715B1E298416E7006D08FC /* MBProgressHUD in Frameworks */,
				4A715B1C298416E1006D08FC /* FirebaseAuth in Frameworks */,
				4A715B22298416ED006D08FC /* FirebaseDatabase in Frameworks */,
				4A715B20298416E7006D08FC /* IQKeyboardManagerSwift in Frameworks */,
			);
			runOnlyForDeploymentPostprocessing = 0;
		};
/* End PBXFrameworksBuildPhase section */

/* Begin PBXGroup section */
		4A037DD62980581C0021ADF6 /* UIComponents */ = {
			isa = PBXGroup;
			children = (
				4A037DD7298058330021ADF6 /* BindingTextField.swift */,
				4A037DE22980623D0021ADF6 /* BindingButton.swift */,
				4A037DE629807CAF0021ADF6 /* PaddingTextField.swift */,
			);
			path = UIComponents;
			sourceTree = "<group>";
		};
		4A037DDF29805AA50021ADF6 /* Extensions */ = {
			isa = PBXGroup;
			children = (
				4AF6A1CC2983186200396853 /* Array+Codable+Extension.swift */,
				4AF6A1CB2983186200396853 /* Dictionary+Codable+Extension.swift */,
				4AF6A1C929830B1300396853 /* String+Codable+Extension.swift */,
				4A874F5B2981239B00051703 /* String+Date+Extension.swift */,
				4A037DE029805AC10021ADF6 /* UIView+Extension.swift */,
				4AF6A1D229834F7400396853 /* UITableView+Extension.swift */,
			);
			path = Extensions;
			sourceTree = "<group>";
		};
		4A037DE8298080970021ADF6 /* Login */ = {
			isa = PBXGroup;
			children = (
				4A037DEB298080BC0021ADF6 /* LoginViewController.swift */,
				4A037DEC298080BC0021ADF6 /* LoginViewController.xib */,
				4A037DEF2980812C0021ADF6 /* ViewModel */,
			);
			path = Login;
			sourceTree = "<group>";
		};
		4A037DEF2980812C0021ADF6 /* ViewModel */ = {
			isa = PBXGroup;
			children = (
				4A037DF02980812C0021ADF6 /* LoginViewModel.swift */,
			);
			path = ViewModel;
			sourceTree = "<group>";
		};
		4A037DFE298099A90021ADF6 /* NetworkService */ = {
			isa = PBXGroup;
			children = (
				4A874F342980F56100051703 /* ResultErrors.swift */,
				4A715B372984188E006D08FC /* Services */,
			);
			path = NetworkService;
			sourceTree = "<group>";
		};
		4A037E0129809D520021ADF6 /* Models */ = {
			isa = PBXGroup;
			children = (
				4A037DFF29809D4D0021ADF6 /* UserModel.swift */,
				4A874F402981033900051703 /* TaskModel.swift */,
			);
			path = Models;
			sourceTree = "<group>";
		};
		4A65C7DE29804E66005B28BF = {
			isa = PBXGroup;
			children = (
				4A65C7E929804E66005B28BF /* ToDoList */,
				4A65C80029804E69005B28BF /* ToDoListTests */,
				4A65C80A29804E69005B28BF /* ToDoListUITests */,
				4A65C7E829804E66005B28BF /* Products */,
				4A874F4929811FF900051703 /* Frameworks */,
			);
			sourceTree = "<group>";
		};
		4A65C7E829804E66005B28BF /* Products */ = {
			isa = PBXGroup;
			children = (
				4A65C7E729804E66005B28BF /* ToDoList.app */,
				4A65C7FD29804E69005B28BF /* ToDoListTests.xctest */,
				4A65C80729804E69005B28BF /* ToDoListUITests.xctest */,
			);
			name = Products;
			sourceTree = "<group>";
		};
		4A65C7E929804E66005B28BF /* ToDoList */ = {
			isa = PBXGroup;
			children = (
				4AF6A1D12983371900396853 /* ToDoList.entitlements */,
				4A65C7F829804E68005B28BF /* Info.plist */,
				4A65C81E29804E99005B28BF /* Architecture */,
				4A65C82F29804EAB005B28BF /* Main */,
				4A65C81A29804E98005B28BF /* Managers */,
				4A037DDF29805AA50021ADF6 /* Extensions */,
				4A037DD62980581C0021ADF6 /* UIComponents */,
				4A715B4D298445F4006D08FC /* Protocols */,
				4A715B3E29841C47006D08FC /* Mock */,
				4A65C82329804E99005B28BF /* Modules */,
				4A037E0129809D520021ADF6 /* Models */,
				4A037DFE298099A90021ADF6 /* NetworkService */,
				4A65C83029804EB2005B28BF /* Resources */,
			);
			path = ToDoList;
			sourceTree = "<group>";
		};
		4A65C80029804E69005B28BF /* ToDoListTests */ = {
			isa = PBXGroup;
			children = (
				4A65C80129804E69005B28BF /* ToDoListTests.swift */,
			);
			path = ToDoListTests;
			sourceTree = "<group>";
		};
		4A65C80A29804E69005B28BF /* ToDoListUITests */ = {
			isa = PBXGroup;
			children = (
				4A715B262984177A006D08FC /* LoginUITests.swift */,
				4A715B4929842411006D08FC /* RegisterUITests.swift */,
				4A715B4B29843FBF006D08FC /* TaskUITests.swift */,
				4A715B272984177B006D08FC /* PageObject */,
				4A715B2D2984177B006D08FC /* Utils */,
			);
			path = ToDoListUITests;
			sourceTree = "<group>";
		};
		4A65C81A29804E98005B28BF /* Managers */ = {
			isa = PBXGroup;
			children = (
				4A65C83429804F1D005B28BF /* AppFactory.swift */,
				4A65C81B29804E98005B28BF /* AppLibraryManager.swift */,
				4AF6A1D4298352EB00396853 /* AppLoader.swift */,
				4A65C83329804F1D005B28BF /* AppRouter.swift */,
				4A65C81D29804E98005B28BF /* AppWindowManager.swift */,
				4AF6A1C7298306E800396853 /* FireBaseDataBaseManager.swift */,
				4AF6A1CF29832E0A00396853 /* LocalNotificationManager.swift */,
				4A65C81C29804E98005B28BF /* ThemeManager.swift */,
				4A037DFA298092030021ADF6 /* ToastManager.swift */,
				4A037DDD298058C80021ADF6 /* ValidationManager.swift */,
			);
			path = Managers;
			sourceTree = "<group>";
		};
		4A65C81E29804E99005B28BF /* Architecture */ = {
			isa = PBXGroup;
			children = (
				4A874F4529810BB700051703 /* BaseNavigationController.swift */,
				4A874F43298109BC00051703 /* BaseViewController.swift */,
				4A65C82029804E99005B28BF /* Observable.swift */,
			);
			path = Architecture;
			sourceTree = "<group>";
		};
		4A65C82329804E99005B28BF /* Modules */ = {
			isa = PBXGroup;
			children = (
				4A037DE8298080970021ADF6 /* Login */,
				4A65C82429804E99005B28BF /* Registration */,
				4A874F362980F7F100051703 /* Tasks */,
			);
			path = Modules;
			sourceTree = "<group>";
		};
		4A65C82429804E99005B28BF /* Registration */ = {
			isa = PBXGroup;
			children = (
				4A65C82629804E99005B28BF /* RegisterationViewController.swift */,
				4A037DE4298065720021ADF6 /* RegisterationViewController.xib */,
				4A65C82529804E99005B28BF /* ViewModel */,
			);
			path = Registration;
			sourceTree = "<group>";
		};
		4A65C82529804E99005B28BF /* ViewModel */ = {
			isa = PBXGroup;
			children = (
				4A037DDA298058590021ADF6 /* RegisterationViewModel.swift */,
			);
			path = ViewModel;
			sourceTree = "<group>";
		};
		4A65C82F29804EAB005B28BF /* Main */ = {
			isa = PBXGroup;
			children = (
				4A65C7EA29804E66005B28BF /* AppDelegate.swift */,
				4A65C7EC29804E66005B28BF /* SceneDelegate.swift */,
				4A65C7F029804E66005B28BF /* Main.storyboard */,
				4A65C7F529804E68005B28BF /* LaunchScreen.storyboard */,
			);
			path = Main;
			sourceTree = "<group>";
		};
		4A65C83029804EB2005B28BF /* Resources */ = {
			isa = PBXGroup;
			children = (
				4A65C83129804EEA005B28BF /* Colors.swift */,
				4A874F47298112CF00051703 /* Images.swift */,
				4AF6A1D62983EDF400396853 /* AppStrings.swift */,
				4A037DF52980910F0021ADF6 /* GoogleService-Info.plist */,
				4A65C7F329804E68005B28BF /* Assets.xcassets */,
			);
			path = Resources;
			sourceTree = "<group>";
		};
		4A715B272984177B006D08FC /* PageObject */ = {
			isa = PBXGroup;
			children = (
				4A715B2B2984177B006D08FC /* LoginPageObject.swift */,
				4A715B292984177B006D08FC /* RegisterPageObject.swift */,
				4A715B282984177B006D08FC /* SaveTaskPageObject.swift */,
				4A715B2A2984177B006D08FC /* SpringBoardPageObject.swift */,
				4A715B2C2984177B006D08FC /* TaskListPageObject.swift */,
			);
			path = PageObject;
			sourceTree = "<group>";
		};
		4A715B2D2984177B006D08FC /* Utils */ = {
			isa = PBXGroup;
			children = (
				4A715B2E2984177B006D08FC /* SpringBoard.swift */,
			);
			path = Utils;
			sourceTree = "<group>";
		};
		4A715B372984188E006D08FC /* Services */ = {
			isa = PBXGroup;
			children = (
				4A874F302980EEC500051703 /* AuthNetworkService.swift */,
				4A037DFC2980967F0021ADF6 /* LoginNetworkService.swift */,
				4A874F322980F51500051703 /* RegisterationNetworkService.swift */,
				4A874F3E2981031900051703 /* TasksNetworkService.swift */,
			);
			path = Services;
			sourceTree = "<group>";
		};
		4A715B3E29841C47006D08FC /* Mock */ = {
			isa = PBXGroup;
			children = (
				4A715B3C29841C39006D08FC /* MockAppFactory.swift */,
				4A715B3F29841C77006D08FC /* MockNetWorkService.swift */,
				4A715B4129841CB0006D08FC /* MockAppRouter.swift */,
			);
			path = Mock;
			sourceTree = "<group>";
		};
		4A715B4D298445F4006D08FC /* Protocols */ = {
			isa = PBXGroup;
			children = (
				4A715B3A298418FF006D08FC /* ManagerProtocols.swift */,
				4A715B38298418B3006D08FC /* NetworkSericeProtocol.swift */,
			);
			path = Protocols;
			sourceTree = "<group>";
		};
		4A874F362980F7F100051703 /* Tasks */ = {
			isa = PBXGroup;
			children = (
				4A4BF17B298160D30008AA34 /* SaveTaskViewController.swift */,
				4A4BF17D298160DE0008AA34 /* SaveTaskViewController.xib */,
				4A874F372980F81000051703 /* TasksListViewController.swift */,
				4A874F382980F81000051703 /* TasksListViewController.xib */,
				4A874F542981229100051703 /* Views */,
				4A874F3B2980F86700051703 /* ViewModel */,
			);
			path = Tasks;
			sourceTree = "<group>";
		};
		4A874F3B2980F86700051703 /* ViewModel */ = {
			isa = PBXGroup;
			children = (
				4A4BF1822981620E0008AA34 /* SaveTaskViewModel.swift */,
				4A874F592981233000051703 /* TaskViewModel.swift */,
				4A874F3C2980F87B00051703 /* TasksListViewModel.swift */,
			);
			path = ViewModel;
			sourceTree = "<group>";
		};
		4A874F4929811FF900051703 /* Frameworks */ = {
			isa = PBXGroup;
			children = (
			);
			name = Frameworks;
			sourceTree = "<group>";
		};
		4A874F542981229100051703 /* Views */ = {
			isa = PBXGroup;
			children = (
				4A874F55298122AA00051703 /* TaskTableViewCell.swift */,
				4A874F56298122AA00051703 /* TaskTableViewCell.xib */,
			);
			path = Views;
			sourceTree = "<group>";
		};
/* End PBXGroup section */

/* Begin PBXNativeTarget section */
		4A65C7E629804E66005B28BF /* ToDoList */ = {
			isa = PBXNativeTarget;
			buildConfigurationList = 4A65C81129804E69005B28BF /* Build configuration list for PBXNativeTarget "ToDoList" */;
			buildPhases = (
				4A65C7E329804E66005B28BF /* Sources */,
				4A65C7E429804E66005B28BF /* Frameworks */,
				4A65C7E529804E66005B28BF /* Resources */,
			);
			buildRules = (
			);
			dependencies = (
			);
			name = ToDoList;
			packageProductDependencies = (
				4A037DF329808DDD0021ADF6 /* FirebaseAuth */,
				4A037DF8298091D70021ADF6 /* MBProgressHUD */,
				4A874F502981213500051703 /* FirebaseDatabase */,
				4A874F522981213500051703 /* FirebaseDatabaseSwift */,
				4A4BF18829816AF50008AA34 /* IQKeyboardManagerSwift */,
			);
			productName = ToDoList;
			productReference = 4A65C7E729804E66005B28BF /* ToDoList.app */;
			productType = "com.apple.product-type.application";
		};
		4A65C7FC29804E69005B28BF /* ToDoListTests */ = {
			isa = PBXNativeTarget;
			buildConfigurationList = 4A65C81429804E69005B28BF /* Build configuration list for PBXNativeTarget "ToDoListTests" */;
			buildPhases = (
				4A65C7F929804E69005B28BF /* Sources */,
				4A65C7FA29804E69005B28BF /* Frameworks */,
				4A65C7FB29804E69005B28BF /* Resources */,
			);
			buildRules = (
			);
			dependencies = (
				4A65C7FF29804E69005B28BF /* PBXTargetDependency */,
			);
			name = ToDoListTests;
			packageProductDependencies = (
				4A715B11298416C6006D08FC /* FirebaseAuth */,
				4A715B13298416CB006D08FC /* MBProgressHUD */,
				4A715B15298416CB006D08FC /* IQKeyboardManagerSwift */,
				4A715B17298416D1006D08FC /* FirebaseDatabase */,
				4A715B19298416D1006D08FC /* FirebaseDatabaseSwift */,
			);
			productName = ToDoListTests;
			productReference = 4A65C7FD29804E69005B28BF /* ToDoListTests.xctest */;
			productType = "com.apple.product-type.bundle.unit-test";
		};
		4A65C80629804E69005B28BF /* ToDoListUITests */ = {
			isa = PBXNativeTarget;
			buildConfigurationList = 4A65C81729804E69005B28BF /* Build configuration list for PBXNativeTarget "ToDoListUITests" */;
			buildPhases = (
				4A65C80329804E69005B28BF /* Sources */,
				4A65C80429804E69005B28BF /* Frameworks */,
				4A65C80529804E69005B28BF /* Resources */,
			);
			buildRules = (
			);
			dependencies = (
				4A65C80929804E69005B28BF /* PBXTargetDependency */,
			);
			name = ToDoListUITests;
			packageProductDependencies = (
				4A715B1B298416E1006D08FC /* FirebaseAuth */,
				4A715B1D298416E7006D08FC /* MBProgressHUD */,
				4A715B1F298416E7006D08FC /* IQKeyboardManagerSwift */,
				4A715B21298416ED006D08FC /* FirebaseDatabase */,
				4A715B23298416ED006D08FC /* FirebaseDatabaseSwift */,
			);
			productName = ToDoListUITests;
			productReference = 4A65C80729804E69005B28BF /* ToDoListUITests.xctest */;
			productType = "com.apple.product-type.bundle.ui-testing";
		};
/* End PBXNativeTarget section */

/* Begin PBXProject section */
		4A65C7DF29804E66005B28BF /* Project object */ = {
			isa = PBXProject;
			attributes = {
				BuildIndependentTargetsInParallel = 1;
				LastSwiftUpdateCheck = 1420;
				LastUpgradeCheck = 1420;
				TargetAttributes = {
					4A65C7E629804E66005B28BF = {
						CreatedOnToolsVersion = 14.2;
					};
					4A65C7FC29804E69005B28BF = {
						CreatedOnToolsVersion = 14.2;
						TestTargetID = 4A65C7E629804E66005B28BF;
					};
					4A65C80629804E69005B28BF = {
						CreatedOnToolsVersion = 14.2;
						LastSwiftMigration = 1420;
						TestTargetID = 4A65C7E629804E66005B28BF;
					};
				};
			};
			buildConfigurationList = 4A65C7E229804E66005B28BF /* Build configuration list for PBXProject "ToDoList" */;
			compatibilityVersion = "Xcode 14.0";
			developmentRegion = en;
			hasScannedForEncodings = 0;
			knownRegions = (
				en,
				Base,
			);
			mainGroup = 4A65C7DE29804E66005B28BF;
			packageReferences = (
				4A037DF229808DDD0021ADF6 /* XCRemoteSwiftPackageReference "firebase-ios-sdk" */,
				4A037DF7298091D70021ADF6 /* XCRemoteSwiftPackageReference "MBProgressHUD" */,
				4A4BF18729816AF50008AA34 /* XCRemoteSwiftPackageReference "IQKeyboardManager" */,
			);
			productRefGroup = 4A65C7E829804E66005B28BF /* Products */;
			projectDirPath = "";
			projectRoot = "";
			targets = (
				4A65C7E629804E66005B28BF /* ToDoList */,
				4A65C7FC29804E69005B28BF /* ToDoListTests */,
				4A65C80629804E69005B28BF /* ToDoListUITests */,
			);
		};
/* End PBXProject section */

/* Begin PBXResourcesBuildPhase section */
		4A65C7E529804E66005B28BF /* Resources */ = {
			isa = PBXResourcesBuildPhase;
			buildActionMask = 2147483647;
			files = (
				4A037DEE298080BC0021ADF6 /* LoginViewController.xib in Resources */,
				4A4BF17E298160DE0008AA34 /* SaveTaskViewController.xib in Resources */,
				4A65C7F729804E68005B28BF /* LaunchScreen.storyboard in Resources */,
				4A037DE5298065720021ADF6 /* RegisterationViewController.xib in Resources */,
				4A037DD5298057540021ADF6 /* Assets.xcassets in Resources */,
				4A874F58298122AA00051703 /* TaskTableViewCell.xib in Resources */,
				4A65C7F229804E66005B28BF /* Main.storyboard in Resources */,
				4A874F3A2980F81000051703 /* TasksListViewController.xib in Resources */,
				4A037DF62980910F0021ADF6 /* GoogleService-Info.plist in Resources */,
			);
			runOnlyForDeploymentPostprocessing = 0;
		};
		4A65C7FB29804E69005B28BF /* Resources */ = {
			isa = PBXResourcesBuildPhase;
			buildActionMask = 2147483647;
			files = (
			);
			runOnlyForDeploymentPostprocessing = 0;
		};
		4A65C80529804E69005B28BF /* Resources */ = {
			isa = PBXResourcesBuildPhase;
			buildActionMask = 2147483647;
			files = (
			);
			runOnlyForDeploymentPostprocessing = 0;
		};
/* End PBXResourcesBuildPhase section */

/* Begin PBXSourcesBuildPhase section */
		4A65C7E329804E66005B28BF /* Sources */ = {
			isa = PBXSourcesBuildPhase;
			buildActionMask = 2147483647;
			files = (
				4A037DFD2980967F0021ADF6 /* LoginNetworkService.swift in Sources */,
				4A874F312980EEC500051703 /* AuthNetworkService.swift in Sources */,
				4A037DDE298058C80021ADF6 /* ValidationManager.swift in Sources */,
				4A4BF1832981620E0008AA34 /* SaveTaskViewModel.swift in Sources */,
				4A65C82E29804E99005B28BF /* RegisterationViewController.swift in Sources */,
				4A874F44298109BC00051703 /* BaseViewController.swift in Sources */,
				4A037DFB298092040021ADF6 /* ToastManager.swift in Sources */,
				4A874F3D2980F87B00051703 /* TasksListViewModel.swift in Sources */,
				4A037DE129805AC10021ADF6 /* UIView+Extension.swift in Sources */,
				4A874F5C2981239B00051703 /* String+Date+Extension.swift in Sources */,
				4AF6A1D5298352EB00396853 /* AppLoader.swift in Sources */,
				4A874F57298122AA00051703 /* TaskTableViewCell.swift in Sources */,
				4A874F4629810BB700051703 /* BaseNavigationController.swift in Sources */,
				4A874F42298106D600051703 /* TasksListViewController.swift in Sources */,
				4A037E0029809D4D0021ADF6 /* UserModel.swift in Sources */,
				4A65C83229804EEA005B28BF /* Colors.swift in Sources */,
				4A037DED298080BC0021ADF6 /* LoginViewController.swift in Sources */,
				4A65C82C29804E99005B28BF /* Observable.swift in Sources */,
				4AF6A1CD2983186200396853 /* Dictionary+Codable+Extension.swift in Sources */,
				4A65C82A29804E99005B28BF /* AppWindowManager.swift in Sources */,
				4AF6A1D029832E0A00396853 /* LocalNotificationManager.swift in Sources */,
				4A874F412981033900051703 /* TaskModel.swift in Sources */,
				4A65C7EB29804E66005B28BF /* AppDelegate.swift in Sources */,
				4A037DF12980812C0021ADF6 /* LoginViewModel.swift in Sources */,
				4A715B4029841C77006D08FC /* MockNetWorkService.swift in Sources */,
				4AF6A1D329834F7400396853 /* UITableView+Extension.swift in Sources */,
				4A65C83529804F1D005B28BF /* AppRouter.swift in Sources */,
				4A874F48298112CF00051703 /* Images.swift in Sources */,
				4A037DD8298058330021ADF6 /* BindingTextField.swift in Sources */,
				4A874F5A2981233000051703 /* TaskViewModel.swift in Sources */,
				4A65C82929804E99005B28BF /* ThemeManager.swift in Sources */,
				4A715B39298418B3006D08FC /* NetworkSericeProtocol.swift in Sources */,
				4A715B3B298418FF006D08FC /* ManagerProtocols.swift in Sources */,
				4A037DE32980623D0021ADF6 /* BindingButton.swift in Sources */,
				4A037DE729807CAF0021ADF6 /* PaddingTextField.swift in Sources */,
				4AF6A1C8298306E800396853 /* FireBaseDataBaseManager.swift in Sources */,
				4A715B3D29841C39006D08FC /* MockAppFactory.swift in Sources */,
				4A874F332980F51500051703 /* RegisterationNetworkService.swift in Sources */,
				4AF6A1D72983EDF400396853 /* AppStrings.swift in Sources */,
				4AF6A1CE2983186200396853 /* Array+Codable+Extension.swift in Sources */,
				4A874F3F2981031900051703 /* TasksNetworkService.swift in Sources */,
				4A874F352980F56100051703 /* ResultErrors.swift in Sources */,
				4AF6A1CA29830B1300396853 /* String+Codable+Extension.swift in Sources */,
				4A715B4229841CB0006D08FC /* MockAppRouter.swift in Sources */,
				4A65C7ED29804E66005B28BF /* SceneDelegate.swift in Sources */,
				4A037DDB298058590021ADF6 /* RegisterationViewModel.swift in Sources */,
				4A65C82829804E99005B28BF /* AppLibraryManager.swift in Sources */,
				4A65C83629804F1D005B28BF /* AppFactory.swift in Sources */,
				4A4BF17C298160D30008AA34 /* SaveTaskViewController.swift in Sources */,
			);
			runOnlyForDeploymentPostprocessing = 0;
		};
		4A65C7F929804E69005B28BF /* Sources */ = {
			isa = PBXSourcesBuildPhase;
			buildActionMask = 2147483647;
			files = (
				4A65C80229804E69005B28BF /* ToDoListTests.swift in Sources */,
			);
			runOnlyForDeploymentPostprocessing = 0;
		};
		4A65C80329804E69005B28BF /* Sources */ = {
			isa = PBXSourcesBuildPhase;
			buildActionMask = 2147483647;
			files = (
				4A715B4C29843FBF006D08FC /* TaskUITests.swift in Sources */,
				4A715B322984177B006D08FC /* RegisterPageObject.swift in Sources */,
				4A715B312984177B006D08FC /* SaveTaskPageObject.swift in Sources */,
				4A715B302984177B006D08FC /* LoginUITests.swift in Sources */,
				4A715B332984177B006D08FC /* SpringBoardPageObject.swift in Sources */,
				4A715B352984177B006D08FC /* TaskListPageObject.swift in Sources */,
				4A715B342984177B006D08FC /* LoginPageObject.swift in Sources */,
				4A715B4A29842411006D08FC /* RegisterUITests.swift in Sources */,
				4A715B362984177B006D08FC /* SpringBoard.swift in Sources */,
			);
			runOnlyForDeploymentPostprocessing = 0;
		};
/* End PBXSourcesBuildPhase section */

/* Begin PBXTargetDependency section */
		4A65C7FF29804E69005B28BF /* PBXTargetDependency */ = {
			isa = PBXTargetDependency;
			target = 4A65C7E629804E66005B28BF /* ToDoList */;
			targetProxy = 4A65C7FE29804E69005B28BF /* PBXContainerItemProxy */;
		};
		4A65C80929804E69005B28BF /* PBXTargetDependency */ = {
			isa = PBXTargetDependency;
			target = 4A65C7E629804E66005B28BF /* ToDoList */;
			targetProxy = 4A65C80829804E69005B28BF /* PBXContainerItemProxy */;
		};
/* End PBXTargetDependency section */

/* Begin PBXVariantGroup section */
		4A65C7F029804E66005B28BF /* Main.storyboard */ = {
			isa = PBXVariantGroup;
			children = (
				4A65C7F129804E66005B28BF /* Base */,
			);
			name = Main.storyboard;
			sourceTree = "<group>";
		};
		4A65C7F529804E68005B28BF /* LaunchScreen.storyboard */ = {
			isa = PBXVariantGroup;
			children = (
				4A65C7F629804E68005B28BF /* Base */,
			);
			name = LaunchScreen.storyboard;
			sourceTree = "<group>";
		};
/* End PBXVariantGroup section */

/* Begin XCBuildConfiguration section */
		4A65C80F29804E69005B28BF /* Debug */ = {
			isa = XCBuildConfiguration;
			buildSettings = {
				ALWAYS_SEARCH_USER_PATHS = NO;
				CLANG_ANALYZER_NONNULL = YES;
				CLANG_ANALYZER_NUMBER_OBJECT_CONVERSION = YES_AGGRESSIVE;
				CLANG_CXX_LANGUAGE_STANDARD = "gnu++20";
				CLANG_ENABLE_MODULES = YES;
				CLANG_ENABLE_OBJC_ARC = YES;
				CLANG_ENABLE_OBJC_WEAK = YES;
				CLANG_WARN_BLOCK_CAPTURE_AUTORELEASING = YES;
				CLANG_WARN_BOOL_CONVERSION = YES;
				CLANG_WARN_COMMA = YES;
				CLANG_WARN_CONSTANT_CONVERSION = YES;
				CLANG_WARN_DEPRECATED_OBJC_IMPLEMENTATIONS = YES;
				CLANG_WARN_DIRECT_OBJC_ISA_USAGE = YES_ERROR;
				CLANG_WARN_DOCUMENTATION_COMMENTS = YES;
				CLANG_WARN_EMPTY_BODY = YES;
				CLANG_WARN_ENUM_CONVERSION = YES;
				CLANG_WARN_INFINITE_RECURSION = YES;
				CLANG_WARN_INT_CONVERSION = YES;
				CLANG_WARN_NON_LITERAL_NULL_CONVERSION = YES;
				CLANG_WARN_OBJC_IMPLICIT_RETAIN_SELF = YES;
				CLANG_WARN_OBJC_LITERAL_CONVERSION = YES;
				CLANG_WARN_OBJC_ROOT_CLASS = YES_ERROR;
				CLANG_WARN_QUOTED_INCLUDE_IN_FRAMEWORK_HEADER = YES;
				CLANG_WARN_RANGE_LOOP_ANALYSIS = YES;
				CLANG_WARN_STRICT_PROTOTYPES = YES;
				CLANG_WARN_SUSPICIOUS_MOVE = YES;
				CLANG_WARN_UNGUARDED_AVAILABILITY = YES_AGGRESSIVE;
				CLANG_WARN_UNREACHABLE_CODE = YES;
				CLANG_WARN__DUPLICATE_METHOD_MATCH = YES;
				COPY_PHASE_STRIP = NO;
				DEBUG_INFORMATION_FORMAT = dwarf;
				ENABLE_STRICT_OBJC_MSGSEND = YES;
				ENABLE_TESTABILITY = YES;
				GCC_C_LANGUAGE_STANDARD = gnu11;
				GCC_DYNAMIC_NO_PIC = NO;
				GCC_NO_COMMON_BLOCKS = YES;
				GCC_OPTIMIZATION_LEVEL = 0;
				GCC_PREPROCESSOR_DEFINITIONS = (
					"DEBUG=1",
					"$(inherited)",
				);
				GCC_WARN_64_TO_32_BIT_CONVERSION = YES;
				GCC_WARN_ABOUT_RETURN_TYPE = YES_ERROR;
				GCC_WARN_UNDECLARED_SELECTOR = YES;
				GCC_WARN_UNINITIALIZED_AUTOS = YES_AGGRESSIVE;
				GCC_WARN_UNUSED_FUNCTION = YES;
				GCC_WARN_UNUSED_VARIABLE = YES;
				IPHONEOS_DEPLOYMENT_TARGET = 13.0;
				MTL_ENABLE_DEBUG_INFO = INCLUDE_SOURCE;
				MTL_FAST_MATH = YES;
				ONLY_ACTIVE_ARCH = YES;
				SDKROOT = iphoneos;
				SWIFT_ACTIVE_COMPILATION_CONDITIONS = DEBUG;
				SWIFT_OPTIMIZATION_LEVEL = "-Onone";
			};
			name = Debug;
		};
		4A65C81029804E69005B28BF /* Release */ = {
			isa = XCBuildConfiguration;
			buildSettings = {
				ALWAYS_SEARCH_USER_PATHS = NO;
				CLANG_ANALYZER_NONNULL = YES;
				CLANG_ANALYZER_NUMBER_OBJECT_CONVERSION = YES_AGGRESSIVE;
				CLANG_CXX_LANGUAGE_STANDARD = "gnu++20";
				CLANG_ENABLE_MODULES = YES;
				CLANG_ENABLE_OBJC_ARC = YES;
				CLANG_ENABLE_OBJC_WEAK = YES;
				CLANG_WARN_BLOCK_CAPTURE_AUTORELEASING = YES;
				CLANG_WARN_BOOL_CONVERSION = YES;
				CLANG_WARN_COMMA = YES;
				CLANG_WARN_CONSTANT_CONVERSION = YES;
				CLANG_WARN_DEPRECATED_OBJC_IMPLEMENTATIONS = YES;
				CLANG_WARN_DIRECT_OBJC_ISA_USAGE = YES_ERROR;
				CLANG_WARN_DOCUMENTATION_COMMENTS = YES;
				CLANG_WARN_EMPTY_BODY = YES;
				CLANG_WARN_ENUM_CONVERSION = YES;
				CLANG_WARN_INFINITE_RECURSION = YES;
				CLANG_WARN_INT_CONVERSION = YES;
				CLANG_WARN_NON_LITERAL_NULL_CONVERSION = YES;
				CLANG_WARN_OBJC_IMPLICIT_RETAIN_SELF = YES;
				CLANG_WARN_OBJC_LITERAL_CONVERSION = YES;
				CLANG_WARN_OBJC_ROOT_CLASS = YES_ERROR;
				CLANG_WARN_QUOTED_INCLUDE_IN_FRAMEWORK_HEADER = YES;
				CLANG_WARN_RANGE_LOOP_ANALYSIS = YES;
				CLANG_WARN_STRICT_PROTOTYPES = YES;
				CLANG_WARN_SUSPICIOUS_MOVE = YES;
				CLANG_WARN_UNGUARDED_AVAILABILITY = YES_AGGRESSIVE;
				CLANG_WARN_UNREACHABLE_CODE = YES;
				CLANG_WARN__DUPLICATE_METHOD_MATCH = YES;
				COPY_PHASE_STRIP = NO;
				DEBUG_INFORMATION_FORMAT = "dwarf-with-dsym";
				ENABLE_NS_ASSERTIONS = NO;
				ENABLE_STRICT_OBJC_MSGSEND = YES;
				GCC_C_LANGUAGE_STANDARD = gnu11;
				GCC_NO_COMMON_BLOCKS = YES;
				GCC_WARN_64_TO_32_BIT_CONVERSION = YES;
				GCC_WARN_ABOUT_RETURN_TYPE = YES_ERROR;
				GCC_WARN_UNDECLARED_SELECTOR = YES;
				GCC_WARN_UNINITIALIZED_AUTOS = YES_AGGRESSIVE;
				GCC_WARN_UNUSED_FUNCTION = YES;
				GCC_WARN_UNUSED_VARIABLE = YES;
				IPHONEOS_DEPLOYMENT_TARGET = 13.0;
				MTL_ENABLE_DEBUG_INFO = NO;
				MTL_FAST_MATH = YES;
				SDKROOT = iphoneos;
				SWIFT_COMPILATION_MODE = wholemodule;
				SWIFT_OPTIMIZATION_LEVEL = "-O";
				VALIDATE_PRODUCT = YES;
			};
			name = Release;
		};
		4A65C81229804E69005B28BF /* Debug */ = {
			isa = XCBuildConfiguration;
			buildSettings = {
				ASSETCATALOG_COMPILER_APPICON_NAME = AppIcon;
				ASSETCATALOG_COMPILER_GLOBAL_ACCENT_COLOR_NAME = AccentColor;
				ASSETCATALOG_COMPILER_INCLUDE_ALL_APPICON_ASSETS = YES;
				CODE_SIGN_ENTITLEMENTS = ToDoList/ToDoList.entitlements;
				CODE_SIGN_STYLE = Automatic;
				CURRENT_PROJECT_VERSION = 1;
				DEVELOPMENT_TEAM = TALXMDWBCD;
				GENERATE_INFOPLIST_FILE = YES;
				INFOPLIST_FILE = ToDoList/Info.plist;
				INFOPLIST_KEY_CFBundleDisplayName = "To-Do List";
				INFOPLIST_KEY_LSApplicationCategoryType = "public.app-category.productivity";
				INFOPLIST_KEY_UIApplicationSupportsIndirectInputEvents = YES;
				INFOPLIST_KEY_UILaunchStoryboardName = LaunchScreen.storyboard;
				INFOPLIST_KEY_UIRequiresFullScreen = YES;
				INFOPLIST_KEY_UIStatusBarStyle = UIStatusBarStyleLightContent;
				INFOPLIST_KEY_UISupportedInterfaceOrientations = UIInterfaceOrientationPortrait;
				INFOPLIST_KEY_UISupportedInterfaceOrientations_iPad = "UIInterfaceOrientationLandscapeLeft UIInterfaceOrientationLandscapeRight UIInterfaceOrientationPortrait UIInterfaceOrientationPortraitUpsideDown";
				LD_RUNPATH_SEARCH_PATHS = (
					"$(inherited)",
					"@executable_path/Frameworks",
				);
				MARKETING_VERSION = 1.0;
				PRODUCT_BUNDLE_IDENTIFIER = com.smart.todolist;
				PRODUCT_NAME = "$(TARGET_NAME)";
				SUPPORTED_PLATFORMS = "iphoneos iphonesimulator";
				SUPPORTS_MACCATALYST = NO;
				SUPPORTS_MAC_DESIGNED_FOR_IPHONE_IPAD = NO;
				SWIFT_EMIT_LOC_STRINGS = YES;
				SWIFT_VERSION = 5.0;
				TARGETED_DEVICE_FAMILY = 1;
			};
			name = Debug;
		};
		4A65C81329804E69005B28BF /* Release */ = {
			isa = XCBuildConfiguration;
			buildSettings = {
				ASSETCATALOG_COMPILER_APPICON_NAME = AppIcon;
				ASSETCATALOG_COMPILER_GLOBAL_ACCENT_COLOR_NAME = AccentColor;
				ASSETCATALOG_COMPILER_INCLUDE_ALL_APPICON_ASSETS = YES;
				CODE_SIGN_ENTITLEMENTS = ToDoList/ToDoList.entitlements;
				CODE_SIGN_STYLE = Automatic;
				CURRENT_PROJECT_VERSION = 1;
				DEVELOPMENT_TEAM = TALXMDWBCD;
				GENERATE_INFOPLIST_FILE = YES;
				INFOPLIST_FILE = ToDoList/Info.plist;
				INFOPLIST_KEY_CFBundleDisplayName = "To-Do List";
				INFOPLIST_KEY_LSApplicationCategoryType = "public.app-category.productivity";
				INFOPLIST_KEY_UIApplicationSupportsIndirectInputEvents = YES;
				INFOPLIST_KEY_UILaunchStoryboardName = LaunchScreen.storyboard;
				INFOPLIST_KEY_UIRequiresFullScreen = YES;
				INFOPLIST_KEY_UIStatusBarStyle = UIStatusBarStyleLightContent;
				INFOPLIST_KEY_UISupportedInterfaceOrientations = UIInterfaceOrientationPortrait;
				INFOPLIST_KEY_UISupportedInterfaceOrientations_iPad = "UIInterfaceOrientationLandscapeLeft UIInterfaceOrientationLandscapeRight UIInterfaceOrientationPortrait UIInterfaceOrientationPortraitUpsideDown";
				LD_RUNPATH_SEARCH_PATHS = (
					"$(inherited)",
					"@executable_path/Frameworks",
				);
				MARKETING_VERSION = 1.0;
				PRODUCT_BUNDLE_IDENTIFIER = com.smart.todolist;
				PRODUCT_NAME = "$(TARGET_NAME)";
				SUPPORTED_PLATFORMS = "iphoneos iphonesimulator";
				SUPPORTS_MACCATALYST = NO;
				SUPPORTS_MAC_DESIGNED_FOR_IPHONE_IPAD = NO;
				SWIFT_EMIT_LOC_STRINGS = YES;
				SWIFT_VERSION = 5.0;
				TARGETED_DEVICE_FAMILY = 1;
			};
			name = Release;
		};
		4A65C81529804E69005B28BF /* Debug */ = {
			isa = XCBuildConfiguration;
			buildSettings = {
				ALWAYS_EMBED_SWIFT_STANDARD_LIBRARIES = YES;
				BUNDLE_LOADER = "$(TEST_HOST)";
				CODE_SIGN_STYLE = Automatic;
				CURRENT_PROJECT_VERSION = 1;
				DEVELOPMENT_TEAM = L3XWZLKYAV;
				GENERATE_INFOPLIST_FILE = YES;
				IPHONEOS_DEPLOYMENT_TARGET = 16.2;
				MARKETING_VERSION = 1.0;
				PRODUCT_BUNDLE_IDENTIFIER = com.innovationfactory.ToDoListTests;
				PRODUCT_NAME = "$(TARGET_NAME)";
				SWIFT_EMIT_LOC_STRINGS = NO;
				SWIFT_VERSION = 5.0;
				TARGETED_DEVICE_FAMILY = "1,2";
				TEST_HOST = "$(BUILT_PRODUCTS_DIR)/ToDoList.app/$(BUNDLE_EXECUTABLE_FOLDER_PATH)/ToDoList";
			};
			name = Debug;
		};
		4A65C81629804E69005B28BF /* Release */ = {
			isa = XCBuildConfiguration;
			buildSettings = {
				ALWAYS_EMBED_SWIFT_STANDARD_LIBRARIES = YES;
				BUNDLE_LOADER = "$(TEST_HOST)";
				CODE_SIGN_STYLE = Automatic;
				CURRENT_PROJECT_VERSION = 1;
				DEVELOPMENT_TEAM = L3XWZLKYAV;
				GENERATE_INFOPLIST_FILE = YES;
				IPHONEOS_DEPLOYMENT_TARGET = 16.2;
				MARKETING_VERSION = 1.0;
				PRODUCT_BUNDLE_IDENTIFIER = com.innovationfactory.ToDoListTests;
				PRODUCT_NAME = "$(TARGET_NAME)";
				SWIFT_EMIT_LOC_STRINGS = NO;
				SWIFT_VERSION = 5.0;
				TARGETED_DEVICE_FAMILY = "1,2";
				TEST_HOST = "$(BUILT_PRODUCTS_DIR)/ToDoList.app/$(BUNDLE_EXECUTABLE_FOLDER_PATH)/ToDoList";
			};
			name = Release;
		};
		4A65C81829804E69005B28BF /* Debug */ = {
			isa = XCBuildConfiguration;
			buildSettings = {
				ALWAYS_EMBED_SWIFT_STANDARD_LIBRARIES = YES;
				CLANG_ENABLE_MODULES = YES;
				CODE_SIGN_STYLE = Automatic;
				CURRENT_PROJECT_VERSION = 1;
				DEVELOPMENT_TEAM = L3XWZLKYAV;
				GENERATE_INFOPLIST_FILE = YES;
				LD_RUNPATH_SEARCH_PATHS = (
					"$(inherited)",
					"@executable_path/Frameworks",
					"@loader_path/Frameworks",
				);
				MARKETING_VERSION = 1.0;
				PRODUCT_BUNDLE_IDENTIFIER = com.innovationfactory.ToDoListUITests;
				PRODUCT_NAME = "$(TARGET_NAME)";
				SWIFT_EMIT_LOC_STRINGS = NO;
				SWIFT_OPTIMIZATION_LEVEL = "-Onone";
				SWIFT_VERSION = 5.0;
				TARGETED_DEVICE_FAMILY = "1,2";
				TEST_TARGET_NAME = ToDoList;
			};
			name = Debug;
		};
		4A65C81929804E69005B28BF /* Release */ = {
			isa = XCBuildConfiguration;
			buildSettings = {
				ALWAYS_EMBED_SWIFT_STANDARD_LIBRARIES = YES;
				CLANG_ENABLE_MODULES = YES;
				CODE_SIGN_STYLE = Automatic;
				CURRENT_PROJECT_VERSION = 1;
				DEVELOPMENT_TEAM = L3XWZLKYAV;
				GENERATE_INFOPLIST_FILE = YES;
				LD_RUNPATH_SEARCH_PATHS = (
					"$(inherited)",
					"@executable_path/Frameworks",
					"@loader_path/Frameworks",
				);
				MARKETING_VERSION = 1.0;
				PRODUCT_BUNDLE_IDENTIFIER = com.innovationfactory.ToDoListUITests;
				PRODUCT_NAME = "$(TARGET_NAME)";
				SWIFT_EMIT_LOC_STRINGS = NO;
				SWIFT_VERSION = 5.0;
				TARGETED_DEVICE_FAMILY = "1,2";
				TEST_TARGET_NAME = ToDoList;
			};
			name = Release;
		};
/* End XCBuildConfiguration section */

/* Begin XCConfigurationList section */
		4A65C7E229804E66005B28BF /* Build configuration list for PBXProject "ToDoList" */ = {
			isa = XCConfigurationList;
			buildConfigurations = (
				4A65C80F29804E69005B28BF /* Debug */,
				4A65C81029804E69005B28BF /* Release */,
			);
			defaultConfigurationIsVisible = 0;
			defaultConfigurationName = Release;
		};
		4A65C81129804E69005B28BF /* Build configuration list for PBXNativeTarget "ToDoList" */ = {
			isa = XCConfigurationList;
			buildConfigurations = (
				4A65C81229804E69005B28BF /* Debug */,
				4A65C81329804E69005B28BF /* Release */,
			);
			defaultConfigurationIsVisible = 0;
			defaultConfigurationName = Release;
		};
		4A65C81429804E69005B28BF /* Build configuration list for PBXNativeTarget "ToDoListTests" */ = {
			isa = XCConfigurationList;
			buildConfigurations = (
				4A65C81529804E69005B28BF /* Debug */,
				4A65C81629804E69005B28BF /* Release */,
			);
			defaultConfigurationIsVisible = 0;
			defaultConfigurationName = Release;
		};
		4A65C81729804E69005B28BF /* Build configuration list for PBXNativeTarget "ToDoListUITests" */ = {
			isa = XCConfigurationList;
			buildConfigurations = (
				4A65C81829804E69005B28BF /* Debug */,
				4A65C81929804E69005B28BF /* Release */,
			);
			defaultConfigurationIsVisible = 0;
			defaultConfigurationName = Release;
		};
/* End XCConfigurationList section */

/* Begin XCRemoteSwiftPackageReference section */
		4A037DF229808DDD0021ADF6 /* XCRemoteSwiftPackageReference "firebase-ios-sdk" */ = {
			isa = XCRemoteSwiftPackageReference;
			repositoryURL = "https://github.com/firebase/firebase-ios-sdk";
			requirement = {
				kind = upToNextMajorVersion;
				minimumVersion = 9.0.0;
			};
		};
		4A037DF7298091D70021ADF6 /* XCRemoteSwiftPackageReference "MBProgressHUD" */ = {
			isa = XCRemoteSwiftPackageReference;
			repositoryURL = "https://github.com/jdg/MBProgressHUD.git";
			requirement = {
				kind = upToNextMajorVersion;
				minimumVersion = 1.0.0;
			};
		};
		4A4BF18729816AF50008AA34 /* XCRemoteSwiftPackageReference "IQKeyboardManager" */ = {
			isa = XCRemoteSwiftPackageReference;
			repositoryURL = "https://github.com/hackiftekhar/IQKeyboardManager.git";
			requirement = {
				kind = exactVersion;
				version = 6.5.0;
			};
		};
/* End XCRemoteSwiftPackageReference section */

/* Begin XCSwiftPackageProductDependency section */
		4A037DF329808DDD0021ADF6 /* FirebaseAuth */ = {
			isa = XCSwiftPackageProductDependency;
			package = 4A037DF229808DDD0021ADF6 /* XCRemoteSwiftPackageReference "firebase-ios-sdk" */;
			productName = FirebaseAuth;
		};
		4A037DF8298091D70021ADF6 /* MBProgressHUD */ = {
			isa = XCSwiftPackageProductDependency;
			package = 4A037DF7298091D70021ADF6 /* XCRemoteSwiftPackageReference "MBProgressHUD" */;
			productName = MBProgressHUD;
		};
		4A4BF18829816AF50008AA34 /* IQKeyboardManagerSwift */ = {
			isa = XCSwiftPackageProductDependency;
			package = 4A4BF18729816AF50008AA34 /* XCRemoteSwiftPackageReference "IQKeyboardManager" */;
			productName = IQKeyboardManagerSwift;
		};
		4A715B11298416C6006D08FC /* FirebaseAuth */ = {
			isa = XCSwiftPackageProductDependency;
			package = 4A037DF229808DDD0021ADF6 /* XCRemoteSwiftPackageReference "firebase-ios-sdk" */;
			productName = FirebaseAuth;
		};
		4A715B13298416CB006D08FC /* MBProgressHUD */ = {
			isa = XCSwiftPackageProductDependency;
			package = 4A037DF7298091D70021ADF6 /* XCRemoteSwiftPackageReference "MBProgressHUD" */;
			productName = MBProgressHUD;
		};
		4A715B15298416CB006D08FC /* IQKeyboardManagerSwift */ = {
			isa = XCSwiftPackageProductDependency;
			package = 4A4BF18729816AF50008AA34 /* XCRemoteSwiftPackageReference "IQKeyboardManager" */;
			productName = IQKeyboardManagerSwift;
		};
		4A715B17298416D1006D08FC /* FirebaseDatabase */ = {
			isa = XCSwiftPackageProductDependency;
			package = 4A037DF229808DDD0021ADF6 /* XCRemoteSwiftPackageReference "firebase-ios-sdk" */;
			productName = FirebaseDatabase;
		};
		4A715B19298416D1006D08FC /* FirebaseDatabaseSwift */ = {
			isa = XCSwiftPackageProductDependency;
			package = 4A037DF229808DDD0021ADF6 /* XCRemoteSwiftPackageReference "firebase-ios-sdk" */;
			productName = FirebaseDatabaseSwift;
		};
		4A715B1B298416E1006D08FC /* FirebaseAuth */ = {
			isa = XCSwiftPackageProductDependency;
			package = 4A037DF229808DDD0021ADF6 /* XCRemoteSwiftPackageReference "firebase-ios-sdk" */;
			productName = FirebaseAuth;
		};
		4A715B1D298416E7006D08FC /* MBProgressHUD */ = {
			isa = XCSwiftPackageProductDependency;
			package = 4A037DF7298091D70021ADF6 /* XCRemoteSwiftPackageReference "MBProgressHUD" */;
			productName = MBProgressHUD;
		};
		4A715B1F298416E7006D08FC /* IQKeyboardManagerSwift */ = {
			isa = XCSwiftPackageProductDependency;
			package = 4A4BF18729816AF50008AA34 /* XCRemoteSwiftPackageReference "IQKeyboardManager" */;
			productName = IQKeyboardManagerSwift;
		};
		4A715B21298416ED006D08FC /* FirebaseDatabase */ = {
			isa = XCSwiftPackageProductDependency;
			package = 4A037DF229808DDD0021ADF6 /* XCRemoteSwiftPackageReference "firebase-ios-sdk" */;
			productName = FirebaseDatabase;
		};
		4A715B23298416ED006D08FC /* FirebaseDatabaseSwift */ = {
			isa = XCSwiftPackageProductDependency;
			package = 4A037DF229808DDD0021ADF6 /* XCRemoteSwiftPackageReference "firebase-ios-sdk" */;
			productName = FirebaseDatabaseSwift;
		};
		4A874F502981213500051703 /* FirebaseDatabase */ = {
			isa = XCSwiftPackageProductDependency;
			package = 4A037DF229808DDD0021ADF6 /* XCRemoteSwiftPackageReference "firebase-ios-sdk" */;
			productName = FirebaseDatabase;
		};
		4A874F522981213500051703 /* FirebaseDatabaseSwift */ = {
			isa = XCSwiftPackageProductDependency;
			package = 4A037DF229808DDD0021ADF6 /* XCRemoteSwiftPackageReference "firebase-ios-sdk" */;
			productName = FirebaseDatabaseSwift;
		};
/* End XCSwiftPackageProductDependency section */
	};
	rootObject = 4A65C7DF29804E66005B28BF /* Project object */;
}
