// !$*UTF8*$!
{
	archiveVersion = 1;
	classes = {
	};
	objectVersion = 56;
	objects = {

/* Begin PBXBuildFile section */
		4A037DD5298057540021ADF6 /* Assets.xcassets in Resources */ = {isa = PBXBuildFile; fileRef = 4A65C7F329804E68005B28BF /* Assets.xcassets */; };
		4A037DD8298058330021ADF6 /* BindingTextField.swift in Sources */ = {isa = PBXBuildFile; fileRef = 4A037DD7298058330021ADF6 /* BindingTextField.swift */; };
		4A037DDB298058590021ADF6 /* RegisterationViewModel.swift in Sources */ = {isa = PBXBuildFile; fileRef = 4A037DDA298058590021ADF6 /* RegisterationViewModel.swift */; };
		4A037DDE298058C80021ADF6 /* ValidationManager.swift in Sources */ = {isa = PBXBuildFile; fileRef = 4A037DDD298058C80021ADF6 /* ValidationManager.swift */; };
		4A037DE129805AC10021ADF6 /* UIView+Extension.swift in Sources */ = {isa = PBXBuildFile; fileRef = 4A037DE029805AC10021ADF6 /* UIView+Extension.swift */; };
		4A037DE32980623D0021ADF6 /* BindingButton.swift in Sources */ = {isa = PBXBuildFile; fileRef = 4A037DE22980623D0021ADF6 /* BindingButton.swift */; };
		4A037DE5298065720021ADF6 /* RegistrationViewController.xib in Resources */ = {isa = PBXBuildFile; fileRef = 4A037DE4298065720021ADF6 /* RegistrationViewController.xib */; };
		4A037DE729807CAF0021ADF6 /* PaddingTextField.swift in Sources */ = {isa = PBXBuildFile; fileRef = 4A037DE629807CAF0021ADF6 /* PaddingTextField.swift */; };
		4A037DED298080BC0021ADF6 /* LoginViewController.swift in Sources */ = {isa = PBXBuildFile; fileRef = 4A037DEB298080BC0021ADF6 /* LoginViewController.swift */; };
		4A037DEE298080BC0021ADF6 /* LoginViewController.xib in Resources */ = {isa = PBXBuildFile; fileRef = 4A037DEC298080BC0021ADF6 /* LoginViewController.xib */; };
		4A037DF12980812C0021ADF6 /* LoginViewModel.swift in Sources */ = {isa = PBXBuildFile; fileRef = 4A037DF02980812C0021ADF6 /* LoginViewModel.swift */; };
		4A65C7EB29804E66005B28BF /* AppDelegate.swift in Sources */ = {isa = PBXBuildFile; fileRef = 4A65C7EA29804E66005B28BF /* AppDelegate.swift */; };
		4A65C7ED29804E66005B28BF /* SceneDelegate.swift in Sources */ = {isa = PBXBuildFile; fileRef = 4A65C7EC29804E66005B28BF /* SceneDelegate.swift */; };
		4A65C7F229804E66005B28BF /* Main.storyboard in Resources */ = {isa = PBXBuildFile; fileRef = 4A65C7F029804E66005B28BF /* Main.storyboard */; };
		4A65C7F729804E68005B28BF /* LaunchScreen.storyboard in Resources */ = {isa = PBXBuildFile; fileRef = 4A65C7F529804E68005B28BF /* LaunchScreen.storyboard */; };
		4A65C80229804E69005B28BF /* ToDoListTests.swift in Sources */ = {isa = PBXBuildFile; fileRef = 4A65C80129804E69005B28BF /* ToDoListTests.swift */; };
		4A65C80C29804E69005B28BF /* ToDoListUITests.swift in Sources */ = {isa = PBXBuildFile; fileRef = 4A65C80B29804E69005B28BF /* ToDoListUITests.swift */; };
		4A65C80E29804E69005B28BF /* ToDoListUITestsLaunchTests.swift in Sources */ = {isa = PBXBuildFile; fileRef = 4A65C80D29804E69005B28BF /* ToDoListUITestsLaunchTests.swift */; };
		4A65C82829804E99005B28BF /* AppLibraryManager.swift in Sources */ = {isa = PBXBuildFile; fileRef = 4A65C81B29804E98005B28BF /* AppLibraryManager.swift */; };
		4A65C82929804E99005B28BF /* ThemeManager.swift in Sources */ = {isa = PBXBuildFile; fileRef = 4A65C81C29804E98005B28BF /* ThemeManager.swift */; };
		4A65C82A29804E99005B28BF /* AppWindowManager.swift in Sources */ = {isa = PBXBuildFile; fileRef = 4A65C81D29804E98005B28BF /* AppWindowManager.swift */; };
		4A65C82B29804E99005B28BF /* BaseViewModel.swift in Sources */ = {isa = PBXBuildFile; fileRef = 4A65C81F29804E99005B28BF /* BaseViewModel.swift */; };
		4A65C82C29804E99005B28BF /* Observable.swift in Sources */ = {isa = PBXBuildFile; fileRef = 4A65C82029804E99005B28BF /* Observable.swift */; };
		4A65C82D29804E99005B28BF /* MainThreadChecker.swift in Sources */ = {isa = PBXBuildFile; fileRef = 4A65C82129804E99005B28BF /* MainThreadChecker.swift */; };
		4A65C82E29804E99005B28BF /* RegistrationViewController.swift in Sources */ = {isa = PBXBuildFile; fileRef = 4A65C82629804E99005B28BF /* RegistrationViewController.swift */; };
		4A65C83229804EEA005B28BF /* Colors.swift in Sources */ = {isa = PBXBuildFile; fileRef = 4A65C83129804EEA005B28BF /* Colors.swift */; };
		4A65C83529804F1D005B28BF /* AppRouter.swift in Sources */ = {isa = PBXBuildFile; fileRef = 4A65C83329804F1D005B28BF /* AppRouter.swift */; };
		4A65C83629804F1D005B28BF /* AppFactory.swift in Sources */ = {isa = PBXBuildFile; fileRef = 4A65C83429804F1D005B28BF /* AppFactory.swift */; };
/* End PBXBuildFile section */

/* Begin PBXContainerItemProxy section */
		4A65C7FE29804E69005B28BF /* PBXContainerItemProxy */ = {
			isa = PBXContainerItemProxy;
			containerPortal = 4A65C7DF29804E66005B28BF /* Project object */;
			proxyType = 1;
			remoteGlobalIDString = 4A65C7E629804E66005B28BF;
			remoteInfo = ToDoList;
		};
		4A65C80829804E69005B28BF /* PBXContainerItemProxy */ = {
			isa = PBXContainerItemProxy;
			containerPortal = 4A65C7DF29804E66005B28BF /* Project object */;
			proxyType = 1;
			remoteGlobalIDString = 4A65C7E629804E66005B28BF;
			remoteInfo = ToDoList;
		};
/* End PBXContainerItemProxy section */

/* Begin PBXFileReference section */
		4A037DD7298058330021ADF6 /* BindingTextField.swift */ = {isa = PBXFileReference; fileEncoding = 4; lastKnownFileType = sourcecode.swift; path = BindingTextField.swift; sourceTree = "<group>"; };
		4A037DDA298058590021ADF6 /* RegisterationViewModel.swift */ = {isa = PBXFileReference; lastKnownFileType = sourcecode.swift; path = RegisterationViewModel.swift; sourceTree = "<group>"; };
		4A037DDD298058C80021ADF6 /* ValidationManager.swift */ = {isa = PBXFileReference; lastKnownFileType = sourcecode.swift; path = ValidationManager.swift; sourceTree = "<group>"; };
		4A037DE029805AC10021ADF6 /* UIView+Extension.swift */ = {isa = PBXFileReference; lastKnownFileType = sourcecode.swift; path = "UIView+Extension.swift"; sourceTree = "<group>"; };
		4A037DE22980623D0021ADF6 /* BindingButton.swift */ = {isa = PBXFileReference; fileEncoding = 4; lastKnownFileType = sourcecode.swift; path = BindingButton.swift; sourceTree = "<group>"; };
		4A037DE4298065720021ADF6 /* RegistrationViewController.xib */ = {isa = PBXFileReference; lastKnownFileType = file.xib; path = RegistrationViewController.xib; sourceTree = "<group>"; };
		4A037DE629807CAF0021ADF6 /* PaddingTextField.swift */ = {isa = PBXFileReference; lastKnownFileType = sourcecode.swift; path = PaddingTextField.swift; sourceTree = "<group>"; };
		4A037DEB298080BC0021ADF6 /* LoginViewController.swift */ = {isa = PBXFileReference; lastKnownFileType = sourcecode.swift; path = LoginViewController.swift; sourceTree = "<group>"; };
		4A037DEC298080BC0021ADF6 /* LoginViewController.xib */ = {isa = PBXFileReference; lastKnownFileType = file.xib; path = LoginViewController.xib; sourceTree = "<group>"; };
		4A037DF02980812C0021ADF6 /* LoginViewModel.swift */ = {isa = PBXFileReference; fileEncoding = 4; lastKnownFileType = sourcecode.swift; path = LoginViewModel.swift; sourceTree = "<group>"; };
		4A65C7E729804E66005B28BF /* ToDoList.app */ = {isa = PBXFileReference; explicitFileType = wrapper.application; includeInIndex = 0; path = ToDoList.app; sourceTree = BUILT_PRODUCTS_DIR; };
		4A65C7EA29804E66005B28BF /* AppDelegate.swift */ = {isa = PBXFileReference; lastKnownFileType = sourcecode.swift; path = AppDelegate.swift; sourceTree = "<group>"; };
		4A65C7EC29804E66005B28BF /* SceneDelegate.swift */ = {isa = PBXFileReference; lastKnownFileType = sourcecode.swift; path = SceneDelegate.swift; sourceTree = "<group>"; };
		4A65C7F129804E66005B28BF /* Base */ = {isa = PBXFileReference; lastKnownFileType = file.storyboard; name = Base; path = Base.lproj/Main.storyboard; sourceTree = "<group>"; };
		4A65C7F329804E68005B28BF /* Assets.xcassets */ = {isa = PBXFileReference; lastKnownFileType = folder.assetcatalog; path = Assets.xcassets; sourceTree = "<group>"; };
		4A65C7F629804E68005B28BF /* Base */ = {isa = PBXFileReference; lastKnownFileType = file.storyboard; name = Base; path = Base.lproj/LaunchScreen.storyboard; sourceTree = "<group>"; };
		4A65C7F829804E68005B28BF /* Info.plist */ = {isa = PBXFileReference; lastKnownFileType = text.plist.xml; path = Info.plist; sourceTree = "<group>"; };
		4A65C7FD29804E69005B28BF /* ToDoListTests.xctest */ = {isa = PBXFileReference; explicitFileType = wrapper.cfbundle; includeInIndex = 0; path = ToDoListTests.xctest; sourceTree = BUILT_PRODUCTS_DIR; };
		4A65C80129804E69005B28BF /* ToDoListTests.swift */ = {isa = PBXFileReference; lastKnownFileType = sourcecode.swift; path = ToDoListTests.swift; sourceTree = "<group>"; };
		4A65C80729804E69005B28BF /* ToDoListUITests.xctest */ = {isa = PBXFileReference; explicitFileType = wrapper.cfbundle; includeInIndex = 0; path = ToDoListUITests.xctest; sourceTree = BUILT_PRODUCTS_DIR; };
		4A65C80B29804E69005B28BF /* ToDoListUITests.swift */ = {isa = PBXFileReference; lastKnownFileType = sourcecode.swift; path = ToDoListUITests.swift; sourceTree = "<group>"; };
		4A65C80D29804E69005B28BF /* ToDoListUITestsLaunchTests.swift */ = {isa = PBXFileReference; lastKnownFileType = sourcecode.swift; path = ToDoListUITestsLaunchTests.swift; sourceTree = "<group>"; };
		4A65C81B29804E98005B28BF /* AppLibraryManager.swift */ = {isa = PBXFileReference; fileEncoding = 4; lastKnownFileType = sourcecode.swift; path = AppLibraryManager.swift; sourceTree = "<group>"; };
		4A65C81C29804E98005B28BF /* ThemeManager.swift */ = {isa = PBXFileReference; fileEncoding = 4; lastKnownFileType = sourcecode.swift; path = ThemeManager.swift; sourceTree = "<group>"; };
		4A65C81D29804E98005B28BF /* AppWindowManager.swift */ = {isa = PBXFileReference; fileEncoding = 4; lastKnownFileType = sourcecode.swift; path = AppWindowManager.swift; sourceTree = "<group>"; };
		4A65C81F29804E99005B28BF /* BaseViewModel.swift */ = {isa = PBXFileReference; fileEncoding = 4; lastKnownFileType = sourcecode.swift; path = BaseViewModel.swift; sourceTree = "<group>"; };
		4A65C82029804E99005B28BF /* Observable.swift */ = {isa = PBXFileReference; fileEncoding = 4; lastKnownFileType = sourcecode.swift; path = Observable.swift; sourceTree = "<group>"; };
		4A65C82129804E99005B28BF /* MainThreadChecker.swift */ = {isa = PBXFileReference; fileEncoding = 4; lastKnownFileType = sourcecode.swift; path = MainThreadChecker.swift; sourceTree = "<group>"; };
		4A65C82629804E99005B28BF /* RegistrationViewController.swift */ = {isa = PBXFileReference; fileEncoding = 4; lastKnownFileType = sourcecode.swift; path = RegistrationViewController.swift; sourceTree = "<group>"; };
		4A65C83129804EEA005B28BF /* Colors.swift */ = {isa = PBXFileReference; fileEncoding = 4; lastKnownFileType = sourcecode.swift; path = Colors.swift; sourceTree = "<group>"; };
		4A65C83329804F1D005B28BF /* AppRouter.swift */ = {isa = PBXFileReference; fileEncoding = 4; lastKnownFileType = sourcecode.swift; path = AppRouter.swift; sourceTree = "<group>"; };
		4A65C83429804F1D005B28BF /* AppFactory.swift */ = {isa = PBXFileReference; fileEncoding = 4; lastKnownFileType = sourcecode.swift; path = AppFactory.swift; sourceTree = "<group>"; };
/* End PBXFileReference section */

/* Begin PBXFrameworksBuildPhase section */
		4A65C7E429804E66005B28BF /* Frameworks */ = {
			isa = PBXFrameworksBuildPhase;
			buildActionMask = 2147483647;
			files = (
			);
			runOnlyForDeploymentPostprocessing = 0;
		};
		4A65C7FA29804E69005B28BF /* Frameworks */ = {
			isa = PBXFrameworksBuildPhase;
			buildActionMask = 2147483647;
			files = (
			);
			runOnlyForDeploymentPostprocessing = 0;
		};
		4A65C80429804E69005B28BF /* Frameworks */ = {
			isa = PBXFrameworksBuildPhase;
			buildActionMask = 2147483647;
			files = (
			);
			runOnlyForDeploymentPostprocessing = 0;
		};
/* End PBXFrameworksBuildPhase section */

/* Begin PBXGroup section */
		4A037DD62980581C0021ADF6 /* UIComponents */ = {
			isa = PBXGroup;
			children = (
				4A037DD7298058330021ADF6 /* BindingTextField.swift */,
				4A037DE22980623D0021ADF6 /* BindingButton.swift */,
				4A037DE629807CAF0021ADF6 /* PaddingTextField.swift */,
			);
			path = UIComponents;
			sourceTree = "<group>";
		};
		4A037DDF29805AA50021ADF6 /* Extensions */ = {
			isa = PBXGroup;
			children = (
				4A037DE029805AC10021ADF6 /* UIView+Extension.swift */,
			);
			path = Extensions;
			sourceTree = "<group>";
		};
		4A037DE8298080970021ADF6 /* Login */ = {
			isa = PBXGroup;
			children = (
				4A037DEB298080BC0021ADF6 /* LoginViewController.swift */,
				4A037DEC298080BC0021ADF6 /* LoginViewController.xib */,
				4A037DEF2980812C0021ADF6 /* ViewModel */,
			);
			path = Login;
			sourceTree = "<group>";
		};
		4A037DEF2980812C0021ADF6 /* ViewModel */ = {
			isa = PBXGroup;
			children = (
				4A037DF02980812C0021ADF6 /* LoginViewModel.swift */,
			);
			path = ViewModel;
			sourceTree = "<group>";
		};
		4A65C7DE29804E66005B28BF = {
			isa = PBXGroup;
			children = (
				4A65C7E929804E66005B28BF /* ToDoList */,
				4A65C80029804E69005B28BF /* ToDoListTests */,
				4A65C80A29804E69005B28BF /* ToDoListUITests */,
				4A65C7E829804E66005B28BF /* Products */,
			);
			sourceTree = "<group>";
		};
		4A65C7E829804E66005B28BF /* Products */ = {
			isa = PBXGroup;
			children = (
				4A65C7E729804E66005B28BF /* ToDoList.app */,
				4A65C7FD29804E69005B28BF /* ToDoListTests.xctest */,
				4A65C80729804E69005B28BF /* ToDoListUITests.xctest */,
			);
			name = Products;
			sourceTree = "<group>";
		};
		4A65C7E929804E66005B28BF /* ToDoList */ = {
			isa = PBXGroup;
			children = (
				4A65C7F829804E68005B28BF /* Info.plist */,
				4A65C81E29804E99005B28BF /* Architecture */,
				4A65C82F29804EAB005B28BF /* Main */,
				4A65C81A29804E98005B28BF /* Managers */,
				4A037DDF29805AA50021ADF6 /* Extensions */,
				4A037DD62980581C0021ADF6 /* UIComponents */,
				4A65C82329804E99005B28BF /* Modules */,
				4A65C82229804E99005B28BF /* Networking */,
				4A65C83029804EB2005B28BF /* Resources */,
			);
			path = ToDoList;
			sourceTree = "<group>";
		};
		4A65C80029804E69005B28BF /* ToDoListTests */ = {
			isa = PBXGroup;
			children = (
				4A65C80129804E69005B28BF /* ToDoListTests.swift */,
			);
			path = ToDoListTests;
			sourceTree = "<group>";
		};
		4A65C80A29804E69005B28BF /* ToDoListUITests */ = {
			isa = PBXGroup;
			children = (
				4A65C80B29804E69005B28BF /* ToDoListUITests.swift */,
				4A65C80D29804E69005B28BF /* ToDoListUITestsLaunchTests.swift */,
			);
			path = ToDoListUITests;
			sourceTree = "<group>";
		};
		4A65C81A29804E98005B28BF /* Managers */ = {
			isa = PBXGroup;
			children = (
				4A65C83429804F1D005B28BF /* AppFactory.swift */,
				4A65C83329804F1D005B28BF /* AppRouter.swift */,
				4A65C81B29804E98005B28BF /* AppLibraryManager.swift */,
				4A65C81C29804E98005B28BF /* ThemeManager.swift */,
				4A65C81D29804E98005B28BF /* AppWindowManager.swift */,
				4A037DDD298058C80021ADF6 /* ValidationManager.swift */,
			);
			path = Managers;
			sourceTree = "<group>";
		};
		4A65C81E29804E99005B28BF /* Architecture */ = {
			isa = PBXGroup;
			children = (
				4A65C81F29804E99005B28BF /* BaseViewModel.swift */,
				4A65C82129804E99005B28BF /* MainThreadChecker.swift */,
				4A65C82029804E99005B28BF /* Observable.swift */,
			);
			path = Architecture;
			sourceTree = "<group>";
		};
		4A65C82229804E99005B28BF /* Networking */ = {
			isa = PBXGroup;
			children = (
			);
			path = Networking;
			sourceTree = "<group>";
		};
		4A65C82329804E99005B28BF /* Modules */ = {
			isa = PBXGroup;
			children = (
				4A037DE8298080970021ADF6 /* Login */,
				4A65C82429804E99005B28BF /* Registration */,
			);
			path = Modules;
			sourceTree = "<group>";
		};
		4A65C82429804E99005B28BF /* Registration */ = {
			isa = PBXGroup;
			children = (
				4A65C82629804E99005B28BF /* RegistrationViewController.swift */,
				4A037DE4298065720021ADF6 /* RegistrationViewController.xib */,
				4A65C82529804E99005B28BF /* ViewModel */,
			);
			path = Registration;
			sourceTree = "<group>";
		};
		4A65C82529804E99005B28BF /* ViewModel */ = {
			isa = PBXGroup;
			children = (
				4A037DDA298058590021ADF6 /* RegisterationViewModel.swift */,
			);
			path = ViewModel;
			sourceTree = "<group>";
		};
		4A65C82F29804EAB005B28BF /* Main */ = {
			isa = PBXGroup;
			children = (
				4A65C7EA29804E66005B28BF /* AppDelegate.swift */,
				4A65C7EC29804E66005B28BF /* SceneDelegate.swift */,
				4A65C7F029804E66005B28BF /* Main.storyboard */,
				4A65C7F529804E68005B28BF /* LaunchScreen.storyboard */,
			);
			path = Main;
			sourceTree = "<group>";
		};
		4A65C83029804EB2005B28BF /* Resources */ = {
			isa = PBXGroup;
			children = (
				4A65C83129804EEA005B28BF /* Colors.swift */,
				4A65C7F329804E68005B28BF /* Assets.xcassets */,
			);
			path = Resources;
			sourceTree = "<group>";
		};
/* End PBXGroup section */

/* Begin PBXNativeTarget section */
		4A65C7E629804E66005B28BF /* ToDoList */ = {
			isa = PBXNativeTarget;
			buildConfigurationList = 4A65C81129804E69005B28BF /* Build configuration list for PBXNativeTarget "ToDoList" */;
			buildPhases = (
				4A65C7E329804E66005B28BF /* Sources */,
				4A65C7E429804E66005B28BF /* Frameworks */,
				4A65C7E529804E66005B28BF /* Resources */,
			);
			buildRules = (
			);
			dependencies = (
			);
			name = ToDoList;
			productName = ToDoList;
			productReference = 4A65C7E729804E66005B28BF /* ToDoList.app */;
			productType = "com.apple.product-type.application";
		};
		4A65C7FC29804E69005B28BF /* ToDoListTests */ = {
			isa = PBXNativeTarget;
			buildConfigurationList = 4A65C81429804E69005B28BF /* Build configuration list for PBXNativeTarget "ToDoListTests" */;
			buildPhases = (
				4A65C7F929804E69005B28BF /* Sources */,
				4A65C7FA29804E69005B28BF /* Frameworks */,
				4A65C7FB29804E69005B28BF /* Resources */,
			);
			buildRules = (
			);
			dependencies = (
				4A65C7FF29804E69005B28BF /* PBXTargetDependency */,
			);
			name = ToDoListTests;
			productName = ToDoListTests;
			productReference = 4A65C7FD29804E69005B28BF /* ToDoListTests.xctest */;
			productType = "com.apple.product-type.bundle.unit-test";
		};
		4A65C80629804E69005B28BF /* ToDoListUITests */ = {
			isa = PBXNativeTarget;
			buildConfigurationList = 4A65C81729804E69005B28BF /* Build configuration list for PBXNativeTarget "ToDoListUITests" */;
			buildPhases = (
				4A65C80329804E69005B28BF /* Sources */,
				4A65C80429804E69005B28BF /* Frameworks */,
				4A65C80529804E69005B28BF /* Resources */,
			);
			buildRules = (
			);
			dependencies = (
				4A65C80929804E69005B28BF /* PBXTargetDependency */,
			);
			name = ToDoListUITests;
			productName = ToDoListUITests;
			productReference = 4A65C80729804E69005B28BF /* ToDoListUITests.xctest */;
			productType = "com.apple.product-type.bundle.ui-testing";
		};
/* End PBXNativeTarget section */

/* Begin PBXProject section */
		4A65C7DF29804E66005B28BF /* Project object */ = {
			isa = PBXProject;
			attributes = {
				BuildIndependentTargetsInParallel = 1;
				LastSwiftUpdateCheck = 1420;
				LastUpgradeCheck = 1420;
				TargetAttributes = {
					4A65C7E629804E66005B28BF = {
						CreatedOnToolsVersion = 14.2;
					};
					4A65C7FC29804E69005B28BF = {
						CreatedOnToolsVersion = 14.2;
						TestTargetID = 4A65C7E629804E66005B28BF;
					};
					4A65C80629804E69005B28BF = {
						CreatedOnToolsVersion = 14.2;
						TestTargetID = 4A65C7E629804E66005B28BF;
					};
				};
			};
			buildConfigurationList = 4A65C7E229804E66005B28BF /* Build configuration list for PBXProject "ToDoList" */;
			compatibilityVersion = "Xcode 14.0";
			developmentRegion = en;
			hasScannedForEncodings = 0;
			knownRegions = (
				en,
				Base,
			);
			mainGroup = 4A65C7DE29804E66005B28BF;
			productRefGroup = 4A65C7E829804E66005B28BF /* Products */;
			projectDirPath = "";
			projectRoot = "";
			targets = (
				4A65C7E629804E66005B28BF /* ToDoList */,
				4A65C7FC29804E69005B28BF /* ToDoListTests */,
				4A65C80629804E69005B28BF /* ToDoListUITests */,
			);
		};
/* End PBXProject section */

/* Begin PBXResourcesBuildPhase section */
		4A65C7E529804E66005B28BF /* Resources */ = {
			isa = PBXResourcesBuildPhase;
			buildActionMask = 2147483647;
			files = (
				4A037DEE298080BC0021ADF6 /* LoginViewController.xib in Resources */,
				4A65C7F729804E68005B28BF /* LaunchScreen.storyboard in Resources */,
				4A037DE5298065720021ADF6 /* RegistrationViewController.xib in Resources */,
				4A037DD5298057540021ADF6 /* Assets.xcassets in Resources */,
				4A65C7F229804E66005B28BF /* Main.storyboard in Resources */,
			);
			runOnlyForDeploymentPostprocessing = 0;
		};
		4A65C7FB29804E69005B28BF /* Resources */ = {
			isa = PBXResourcesBuildPhase;
			buildActionMask = 2147483647;
			files = (
			);
			runOnlyForDeploymentPostprocessing = 0;
		};
		4A65C80529804E69005B28BF /* Resources */ = {
			isa = PBXResourcesBuildPhase;
			buildActionMask = 2147483647;
			files = (
			);
			runOnlyForDeploymentPostprocessing = 0;
		};
/* End PBXResourcesBuildPhase section */

/* Begin PBXSourcesBuildPhase section */
		4A65C7E329804E66005B28BF /* Sources */ = {
			isa = PBXSourcesBuildPhase;
			buildActionMask = 2147483647;
			files = (
				4A037DDE298058C80021ADF6 /* ValidationManager.swift in Sources */,
				4A65C82E29804E99005B28BF /* RegistrationViewController.swift in Sources */,
				4A037DE129805AC10021ADF6 /* UIView+Extension.swift in Sources */,
				4A65C83229804EEA005B28BF /* Colors.swift in Sources */,
				4A037DED298080BC0021ADF6 /* LoginViewController.swift in Sources */,
				4A65C82C29804E99005B28BF /* Observable.swift in Sources */,
				4A65C82A29804E99005B28BF /* AppWindowManager.swift in Sources */,
				4A65C7EB29804E66005B28BF /* AppDelegate.swift in Sources */,
				4A037DF12980812C0021ADF6 /* LoginViewModel.swift in Sources */,
				4A65C82D29804E99005B28BF /* MainThreadChecker.swift in Sources */,
				4A65C83529804F1D005B28BF /* AppRouter.swift in Sources */,
				4A037DD8298058330021ADF6 /* BindingTextField.swift in Sources */,
				4A65C82B29804E99005B28BF /* BaseViewModel.swift in Sources */,
				4A65C82929804E99005B28BF /* ThemeManager.swift in Sources */,
				4A037DE32980623D0021ADF6 /* BindingButton.swift in Sources */,
				4A037DE729807CAF0021ADF6 /* PaddingTextField.swift in Sources */,
				4A65C7ED29804E66005B28BF /* SceneDelegate.swift in Sources */,
				4A037DDB298058590021ADF6 /* RegisterationViewModel.swift in Sources */,
				4A65C82829804E99005B28BF /* AppLibraryManager.swift in Sources */,
				4A65C83629804F1D005B28BF /* AppFactory.swift in Sources */,
			);
			runOnlyForDeploymentPostprocessing = 0;
		};
		4A65C7F929804E69005B28BF /* Sources */ = {
			isa = PBXSourcesBuildPhase;
			buildActionMask = 2147483647;
			files = (
				4A65C80229804E69005B28BF /* ToDoListTests.swift in Sources */,
			);
			runOnlyForDeploymentPostprocessing = 0;
		};
		4A65C80329804E69005B28BF /* Sources */ = {
			isa = PBXSourcesBuildPhase;
			buildActionMask = 2147483647;
			files = (
				4A65C80E29804E69005B28BF /* ToDoListUITestsLaunchTests.swift in Sources */,
				4A65C80C29804E69005B28BF /* ToDoListUITests.swift in Sources */,
			);
			runOnlyForDeploymentPostprocessing = 0;
		};
/* End PBXSourcesBuildPhase section */

/* Begin PBXTargetDependency section */
		4A65C7FF29804E69005B28BF /* PBXTargetDependency */ = {
			isa = PBXTargetDependency;
			target = 4A65C7E629804E66005B28BF /* ToDoList */;
			targetProxy = 4A65C7FE29804E69005B28BF /* PBXContainerItemProxy */;
		};
		4A65C80929804E69005B28BF /* PBXTargetDependency */ = {
			isa = PBXTargetDependency;
			target = 4A65C7E629804E66005B28BF /* ToDoList */;
			targetProxy = 4A65C80829804E69005B28BF /* PBXContainerItemProxy */;
		};
/* End PBXTargetDependency section */

/* Begin PBXVariantGroup section */
		4A65C7F029804E66005B28BF /* Main.storyboard */ = {
			isa = PBXVariantGroup;
			children = (
				4A65C7F129804E66005B28BF /* Base */,
			);
			name = Main.storyboard;
			sourceTree = "<group>";
		};
		4A65C7F529804E68005B28BF /* LaunchScreen.storyboard */ = {
			isa = PBXVariantGroup;
			children = (
				4A65C7F629804E68005B28BF /* Base */,
			);
			name = LaunchScreen.storyboard;
			sourceTree = "<group>";
		};
/* End PBXVariantGroup section */

/* Begin XCBuildConfiguration section */
		4A65C80F29804E69005B28BF /* Debug */ = {
			isa = XCBuildConfiguration;
			buildSettings = {
				ALWAYS_SEARCH_USER_PATHS = NO;
				CLANG_ANALYZER_NONNULL = YES;
				CLANG_ANALYZER_NUMBER_OBJECT_CONVERSION = YES_AGGRESSIVE;
				CLANG_CXX_LANGUAGE_STANDARD = "gnu++20";
				CLANG_ENABLE_MODULES = YES;
				CLANG_ENABLE_OBJC_ARC = YES;
				CLANG_ENABLE_OBJC_WEAK = YES;
				CLANG_WARN_BLOCK_CAPTURE_AUTORELEASING = YES;
				CLANG_WARN_BOOL_CONVERSION = YES;
				CLANG_WARN_COMMA = YES;
				CLANG_WARN_CONSTANT_CONVERSION = YES;
				CLANG_WARN_DEPRECATED_OBJC_IMPLEMENTATIONS = YES;
				CLANG_WARN_DIRECT_OBJC_ISA_USAGE = YES_ERROR;
				CLANG_WARN_DOCUMENTATION_COMMENTS = YES;
				CLANG_WARN_EMPTY_BODY = YES;
				CLANG_WARN_ENUM_CONVERSION = YES;
				CLANG_WARN_INFINITE_RECURSION = YES;
				CLANG_WARN_INT_CONVERSION = YES;
				CLANG_WARN_NON_LITERAL_NULL_CONVERSION = YES;
				CLANG_WARN_OBJC_IMPLICIT_RETAIN_SELF = YES;
				CLANG_WARN_OBJC_LITERAL_CONVERSION = YES;
				CLANG_WARN_OBJC_ROOT_CLASS = YES_ERROR;
				CLANG_WARN_QUOTED_INCLUDE_IN_FRAMEWORK_HEADER = YES;
				CLANG_WARN_RANGE_LOOP_ANALYSIS = YES;
				CLANG_WARN_STRICT_PROTOTYPES = YES;
				CLANG_WARN_SUSPICIOUS_MOVE = YES;
				CLANG_WARN_UNGUARDED_AVAILABILITY = YES_AGGRESSIVE;
				CLANG_WARN_UNREACHABLE_CODE = YES;
				CLANG_WARN__DUPLICATE_METHOD_MATCH = YES;
				COPY_PHASE_STRIP = NO;
				DEBUG_INFORMATION_FORMAT = dwarf;
				ENABLE_STRICT_OBJC_MSGSEND = YES;
				ENABLE_TESTABILITY = YES;
				GCC_C_LANGUAGE_STANDARD = gnu11;
				GCC_DYNAMIC_NO_PIC = NO;
				GCC_NO_COMMON_BLOCKS = YES;
				GCC_OPTIMIZATION_LEVEL = 0;
				GCC_PREPROCESSOR_DEFINITIONS = (
					"DEBUG=1",
					"$(inherited)",
				);
				GCC_WARN_64_TO_32_BIT_CONVERSION = YES;
				GCC_WARN_ABOUT_RETURN_TYPE = YES_ERROR;
				GCC_WARN_UNDECLARED_SELECTOR = YES;
				GCC_WARN_UNINITIALIZED_AUTOS = YES_AGGRESSIVE;
				GCC_WARN_UNUSED_FUNCTION = YES;
				GCC_WARN_UNUSED_VARIABLE = YES;
				IPHONEOS_DEPLOYMENT_TARGET = 16.2;
				MTL_ENABLE_DEBUG_INFO = INCLUDE_SOURCE;
				MTL_FAST_MATH = YES;
				ONLY_ACTIVE_ARCH = YES;
				SDKROOT = iphoneos;
				SWIFT_ACTIVE_COMPILATION_CONDITIONS = DEBUG;
				SWIFT_OPTIMIZATION_LEVEL = "-Onone";
			};
			name = Debug;
		};
		4A65C81029804E69005B28BF /* Release */ = {
			isa = XCBuildConfiguration;
			buildSettings = {
				ALWAYS_SEARCH_USER_PATHS = NO;
				CLANG_ANALYZER_NONNULL = YES;
				CLANG_ANALYZER_NUMBER_OBJECT_CONVERSION = YES_AGGRESSIVE;
				CLANG_CXX_LANGUAGE_STANDARD = "gnu++20";
				CLANG_ENABLE_MODULES = YES;
				CLANG_ENABLE_OBJC_ARC = YES;
				CLANG_ENABLE_OBJC_WEAK = YES;
				CLANG_WARN_BLOCK_CAPTURE_AUTORELEASING = YES;
				CLANG_WARN_BOOL_CONVERSION = YES;
				CLANG_WARN_COMMA = YES;
				CLANG_WARN_CONSTANT_CONVERSION = YES;
				CLANG_WARN_DEPRECATED_OBJC_IMPLEMENTATIONS = YES;
				CLANG_WARN_DIRECT_OBJC_ISA_USAGE = YES_ERROR;
				CLANG_WARN_DOCUMENTATION_COMMENTS = YES;
				CLANG_WARN_EMPTY_BODY = YES;
				CLANG_WARN_ENUM_CONVERSION = YES;
				CLANG_WARN_INFINITE_RECURSION = YES;
				CLANG_WARN_INT_CONVERSION = YES;
				CLANG_WARN_NON_LITERAL_NULL_CONVERSION = YES;
				CLANG_WARN_OBJC_IMPLICIT_RETAIN_SELF = YES;
				CLANG_WARN_OBJC_LITERAL_CONVERSION = YES;
				CLANG_WARN_OBJC_ROOT_CLASS = YES_ERROR;
				CLANG_WARN_QUOTED_INCLUDE_IN_FRAMEWORK_HEADER = YES;
				CLANG_WARN_RANGE_LOOP_ANALYSIS = YES;
				CLANG_WARN_STRICT_PROTOTYPES = YES;
				CLANG_WARN_SUSPICIOUS_MOVE = YES;
				CLANG_WARN_UNGUARDED_AVAILABILITY = YES_AGGRESSIVE;
				CLANG_WARN_UNREACHABLE_CODE = YES;
				CLANG_WARN__DUPLICATE_METHOD_MATCH = YES;
				COPY_PHASE_STRIP = NO;
				DEBUG_INFORMATION_FORMAT = "dwarf-with-dsym";
				ENABLE_NS_ASSERTIONS = NO;
				ENABLE_STRICT_OBJC_MSGSEND = YES;
				GCC_C_LANGUAGE_STANDARD = gnu11;
				GCC_NO_COMMON_BLOCKS = YES;
				GCC_WARN_64_TO_32_BIT_CONVERSION = YES;
				GCC_WARN_ABOUT_RETURN_TYPE = YES_ERROR;
				GCC_WARN_UNDECLARED_SELECTOR = YES;
				GCC_WARN_UNINITIALIZED_AUTOS = YES_AGGRESSIVE;
				GCC_WARN_UNUSED_FUNCTION = YES;
				GCC_WARN_UNUSED_VARIABLE = YES;
				IPHONEOS_DEPLOYMENT_TARGET = 16.2;
				MTL_ENABLE_DEBUG_INFO = NO;
				MTL_FAST_MATH = YES;
				SDKROOT = iphoneos;
				SWIFT_COMPILATION_MODE = wholemodule;
				SWIFT_OPTIMIZATION_LEVEL = "-O";
				VALIDATE_PRODUCT = YES;
			};
			name = Release;
		};
		4A65C81229804E69005B28BF /* Debug */ = {
			isa = XCBuildConfiguration;
			buildSettings = {
				ASSETCATALOG_COMPILER_APPICON_NAME = AppIcon;
				ASSETCATALOG_COMPILER_GLOBAL_ACCENT_COLOR_NAME = AccentColor;
				ASSETCATALOG_COMPILER_INCLUDE_ALL_APPICON_ASSETS = YES;
				CODE_SIGN_STYLE = Automatic;
				CURRENT_PROJECT_VERSION = 1;
				DEVELOPMENT_TEAM = L3XWZLKYAV;
				GENERATE_INFOPLIST_FILE = YES;
				INFOPLIST_FILE = ToDoList/Info.plist;
				INFOPLIST_KEY_CFBundleDisplayName = "To-Do List";
				INFOPLIST_KEY_LSApplicationCategoryType = "public.app-category.productivity";
				INFOPLIST_KEY_UIApplicationSupportsIndirectInputEvents = YES;
				INFOPLIST_KEY_UILaunchStoryboardName = LaunchScreen.storyboard;
				INFOPLIST_KEY_UIRequiresFullScreen = YES;
				INFOPLIST_KEY_UIStatusBarStyle = UIStatusBarStyleLightContent;
				INFOPLIST_KEY_UISupportedInterfaceOrientations = UIInterfaceOrientationPortrait;
				INFOPLIST_KEY_UISupportedInterfaceOrientations_iPad = "UIInterfaceOrientationLandscapeLeft UIInterfaceOrientationLandscapeRight UIInterfaceOrientationPortrait UIInterfaceOrientationPortraitUpsideDown";
				LD_RUNPATH_SEARCH_PATHS = (
					"$(inherited)",
					"@executable_path/Frameworks",
				);
				MARKETING_VERSION = 1.0;
				PRODUCT_BUNDLE_IDENTIFIER = com.innovationfactory.ToDoList;
				PRODUCT_NAME = "$(TARGET_NAME)";
				SUPPORTED_PLATFORMS = "iphoneos iphonesimulator";
				SUPPORTS_MACCATALYST = NO;
				SUPPORTS_MAC_DESIGNED_FOR_IPHONE_IPAD = NO;
				SWIFT_EMIT_LOC_STRINGS = YES;
				SWIFT_VERSION = 5.0;
				TARGETED_DEVICE_FAMILY = 1;
			};
			name = Debug;
		};
		4A65C81329804E69005B28BF /* Release */ = {
			isa = XCBuildConfiguration;
			buildSettings = {
				ASSETCATALOG_COMPILER_APPICON_NAME = AppIcon;
				ASSETCATALOG_COMPILER_GLOBAL_ACCENT_COLOR_NAME = AccentColor;
				ASSETCATALOG_COMPILER_INCLUDE_ALL_APPICON_ASSETS = YES;
				CODE_SIGN_STYLE = Automatic;
				CURRENT_PROJECT_VERSION = 1;
				DEVELOPMENT_TEAM = L3XWZLKYAV;
				GENERATE_INFOPLIST_FILE = YES;
				INFOPLIST_FILE = ToDoList/Info.plist;
				INFOPLIST_KEY_CFBundleDisplayName = "To-Do List";
				INFOPLIST_KEY_LSApplicationCategoryType = "public.app-category.productivity";
				INFOPLIST_KEY_UIApplicationSupportsIndirectInputEvents = YES;
				INFOPLIST_KEY_UILaunchStoryboardName = LaunchScreen.storyboard;
				INFOPLIST_KEY_UIRequiresFullScreen = YES;
				INFOPLIST_KEY_UIStatusBarStyle = UIStatusBarStyleLightContent;
				INFOPLIST_KEY_UISupportedInterfaceOrientations = UIInterfaceOrientationPortrait;
				INFOPLIST_KEY_UISupportedInterfaceOrientations_iPad = "UIInterfaceOrientationLandscapeLeft UIInterfaceOrientationLandscapeRight UIInterfaceOrientationPortrait UIInterfaceOrientationPortraitUpsideDown";
				LD_RUNPATH_SEARCH_PATHS = (
					"$(inherited)",
					"@executable_path/Frameworks",
				);
				MARKETING_VERSION = 1.0;
				PRODUCT_BUNDLE_IDENTIFIER = com.innovationfactory.ToDoList;
				PRODUCT_NAME = "$(TARGET_NAME)";
				SUPPORTED_PLATFORMS = "iphoneos iphonesimulator";
				SUPPORTS_MACCATALYST = NO;
				SUPPORTS_MAC_DESIGNED_FOR_IPHONE_IPAD = NO;
				SWIFT_EMIT_LOC_STRINGS = YES;
				SWIFT_VERSION = 5.0;
				TARGETED_DEVICE_FAMILY = 1;
			};
			name = Release;
		};
		4A65C81529804E69005B28BF /* Debug */ = {
			isa = XCBuildConfiguration;
			buildSettings = {
				ALWAYS_EMBED_SWIFT_STANDARD_LIBRARIES = YES;
				BUNDLE_LOADER = "$(TEST_HOST)";
				CODE_SIGN_STYLE = Automatic;
				CURRENT_PROJECT_VERSION = 1;
				DEVELOPMENT_TEAM = L3XWZLKYAV;
				GENERATE_INFOPLIST_FILE = YES;
				IPHONEOS_DEPLOYMENT_TARGET = 16.2;
				MARKETING_VERSION = 1.0;
				PRODUCT_BUNDLE_IDENTIFIER = com.innovationfactory.ToDoListTests;
				PRODUCT_NAME = "$(TARGET_NAME)";
				SWIFT_EMIT_LOC_STRINGS = NO;
				SWIFT_VERSION = 5.0;
				TARGETED_DEVICE_FAMILY = "1,2";
				TEST_HOST = "$(BUILT_PRODUCTS_DIR)/ToDoList.app/$(BUNDLE_EXECUTABLE_FOLDER_PATH)/ToDoList";
			};
			name = Debug;
		};
		4A65C81629804E69005B28BF /* Release */ = {
			isa = XCBuildConfiguration;
			buildSettings = {
				ALWAYS_EMBED_SWIFT_STANDARD_LIBRARIES = YES;
				BUNDLE_LOADER = "$(TEST_HOST)";
				CODE_SIGN_STYLE = Automatic;
				CURRENT_PROJECT_VERSION = 1;
				DEVELOPMENT_TEAM = L3XWZLKYAV;
				GENERATE_INFOPLIST_FILE = YES;
				IPHONEOS_DEPLOYMENT_TARGET = 16.2;
				MARKETING_VERSION = 1.0;
				PRODUCT_BUNDLE_IDENTIFIER = com.innovationfactory.ToDoListTests;
				PRODUCT_NAME = "$(TARGET_NAME)";
				SWIFT_EMIT_LOC_STRINGS = NO;
				SWIFT_VERSION = 5.0;
				TARGETED_DEVICE_FAMILY = "1,2";
				TEST_HOST = "$(BUILT_PRODUCTS_DIR)/ToDoList.app/$(BUNDLE_EXECUTABLE_FOLDER_PATH)/ToDoList";
			};
			name = Release;
		};
		4A65C81829804E69005B28BF /* Debug */ = {
			isa = XCBuildConfiguration;
			buildSettings = {
				ALWAYS_EMBED_SWIFT_STANDARD_LIBRARIES = YES;
				CODE_SIGN_STYLE = Automatic;
				CURRENT_PROJECT_VERSION = 1;
				DEVELOPMENT_TEAM = L3XWZLKYAV;
				GENERATE_INFOPLIST_FILE = YES;
				MARKETING_VERSION = 1.0;
				PRODUCT_BUNDLE_IDENTIFIER = com.innovationfactory.ToDoListUITests;
				PRODUCT_NAME = "$(TARGET_NAME)";
				SWIFT_EMIT_LOC_STRINGS = NO;
				SWIFT_VERSION = 5.0;
				TARGETED_DEVICE_FAMILY = "1,2";
				TEST_TARGET_NAME = ToDoList;
			};
			name = Debug;
		};
		4A65C81929804E69005B28BF /* Release */ = {
			isa = XCBuildConfiguration;
			buildSettings = {
				ALWAYS_EMBED_SWIFT_STANDARD_LIBRARIES = YES;
				CODE_SIGN_STYLE = Automatic;
				CURRENT_PROJECT_VERSION = 1;
				DEVELOPMENT_TEAM = L3XWZLKYAV;
				GENERATE_INFOPLIST_FILE = YES;
				MARKETING_VERSION = 1.0;
				PRODUCT_BUNDLE_IDENTIFIER = com.innovationfactory.ToDoListUITests;
				PRODUCT_NAME = "$(TARGET_NAME)";
				SWIFT_EMIT_LOC_STRINGS = NO;
				SWIFT_VERSION = 5.0;
				TARGETED_DEVICE_FAMILY = "1,2";
				TEST_TARGET_NAME = ToDoList;
			};
			name = Release;
		};
/* End XCBuildConfiguration section */

/* Begin XCConfigurationList section */
		4A65C7E229804E66005B28BF /* Build configuration list for PBXProject "ToDoList" */ = {
			isa = XCConfigurationList;
			buildConfigurations = (
				4A65C80F29804E69005B28BF /* Debug */,
				4A65C81029804E69005B28BF /* Release */,
			);
			defaultConfigurationIsVisible = 0;
			defaultConfigurationName = Release;
		};
		4A65C81129804E69005B28BF /* Build configuration list for PBXNativeTarget "ToDoList" */ = {
			isa = XCConfigurationList;
			buildConfigurations = (
				4A65C81229804E69005B28BF /* Debug */,
				4A65C81329804E69005B28BF /* Release */,
			);
			defaultConfigurationIsVisible = 0;
			defaultConfigurationName = Release;
		};
		4A65C81429804E69005B28BF /* Build configuration list for PBXNativeTarget "ToDoListTests" */ = {
			isa = XCConfigurationList;
			buildConfigurations = (
				4A65C81529804E69005B28BF /* Debug */,
				4A65C81629804E69005B28BF /* Release */,
			);
			defaultConfigurationIsVisible = 0;
			defaultConfigurationName = Release;
		};
		4A65C81729804E69005B28BF /* Build configuration list for PBXNativeTarget "ToDoListUITests" */ = {
			isa = XCConfigurationList;
			buildConfigurations = (
				4A65C81829804E69005B28BF /* Debug */,
				4A65C81929804E69005B28BF /* Release */,
			);
			defaultConfigurationIsVisible = 0;
			defaultConfigurationName = Release;
		};
/* End XCConfigurationList section */
	};
	rootObject = 4A65C7DF29804E66005B28BF /* Project object */;
}
